
Microsoft Visual Studio Solution File, Format Version 12.00
# Visual Studio 14
VisualStudioVersion = 14.0.23107.0
MinimumVisualStudioVersion = 10.0.40219.1
Project("{FAE04EC0-301F-11D3-BF4B-00C04F79EFBC}") = "Habitat.Framework.SitecoreExtensions", "src\Framework\SitecoreExtensions\Habitat.Framework.SitecoreExtensions.csproj", "{B535703F-8D07-4F23-A533-2974BB4CC7B1}"
EndProject
Project("{2150E333-8FDC-42A3-9474-1A3956D46DE8}") = "Configuration", "Configuration", "{F347A85D-6FF5-4927-B5CF-54D81954E6A2}"
	ProjectSection(SolutionItems) = preProject
		.gitattributes = .gitattributes
		.gitignore = .gitignore
		gulp-config.js = gulp-config.js
		gulpfile.js = gulpfile.js
		LICENSE = LICENSE
		package.json = package.json
		package.xml = package.xml
		publishsettings.targets = publishsettings.targets
		README.md = README.md
		src\Project\Website\App_Config\Include\Habitat\z.Habitat.DevSettings.config = src\Project\Website\App_Config\Include\Habitat\z.Habitat.DevSettings.config
	EndProjectSection
EndProject
Project("{2150E333-8FDC-42A3-9474-1A3956D46DE8}") = "Domain", "Domain", "{755F9E42-1707-4E1A-AE6D-3FD8A25118C0}"
EndProject
Project("{FAE04EC0-301F-11D3-BF4B-00C04F79EFBC}") = "Habitat.Framework.Assets", "src\Framework\Assets\Habitat.Framework.Assets.csproj", "{7E46FF93-EE05-412C-AC47-2A59A13DA73C}"
EndProject
Project("{2150E333-8FDC-42A3-9474-1A3956D46DE8}") = "Framework", "Framework", "{D2CBE02E-6AA7-4343-9A01-891F971A17F5}"
EndProject
Project("{FAE04EC0-301F-11D3-BF4B-00C04F79EFBC}") = "Habitat.News", "src\Domain\News\Habitat.News.csproj", "{1AAD6F22-9B6D-4688-8EA5-1AE7044031F7}"
EndProject
Project("{FAE04EC0-301F-11D3-BF4B-00C04F79EFBC}") = "Habitat.Metadata", "src\domain\Metadata\Habitat.Metadata.csproj", "{2BBD157C-AD28-4055-A208-48A2DA93BD04}"
EndProject
Project("{FAE04EC0-301F-11D3-BF4B-00C04F79EFBC}") = "Habitat.Navigation", "src\domain\Navigation\Habitat.Navigation.csproj", "{16003E7F-0FAF-4DEE-B13D-DD327E965A98}"
EndProject
Project("{FAE04EC0-301F-11D3-BF4B-00C04F79EFBC}") = "Habitat.Framework.Taxonomy", "src\Framework\Taxonomy\Habitat.Framework.Taxonomy.csproj", "{C353B05E-1D24-4806-B1C3-C55DA60CB15D}"
EndProject
Project("{FAE04EC0-301F-11D3-BF4B-00C04F79EFBC}") = "Habitat.Social", "src\domain\Social\Habitat.Social.csproj", "{B018C183-6976-4766-B2C0-0CBA4C064AED}"
EndProject
Project("{FAE04EC0-301F-11D3-BF4B-00C04F79EFBC}") = "Habitat.Identity", "src\domain\Identity\Habitat.Identity.csproj", "{0D0B809C-03AB-4EE1-898F-CFE28CF5B245}"
EndProject
Project("{FAE04EC0-301F-11D3-BF4B-00C04F79EFBC}") = "Habitat.Search", "src\Domain\Search\Habitat.Search.csproj", "{55B9C026-E106-4185-8213-9CDD53B44E1B}"
EndProject
Project("{FAE04EC0-301F-11D3-BF4B-00C04F79EFBC}") = "Habitat.Language", "src\Domain\Language\Habitat.Language.csproj", "{ACA65632-EE93-422B-B25E-8E31969694F5}"
EndProject
Project("{FAE04EC0-301F-11D3-BF4B-00C04F79EFBC}") = "Habitat.Media", "src\Domain\Media\Habitat.Media.csproj", "{1417B162-F987-4CBD-8642-CA4C4119E705}"
EndProject
Project("{2150E333-8FDC-42A3-9474-1A3956D46DE8}") = "Project", "Project", "{9A8FD752-FF60-4789-8251-E1D8FF290F3F}"
EndProject
Project("{FAE04EC0-301F-11D3-BF4B-00C04F79EFBC}") = "Habitat.Design", "src\Project\Design\Habitat.Design.csproj", "{98DE0D1D-26F1-4CCA-847C-4E0FC2DBA5FC}"
EndProject
Project("{FAE04EC0-301F-11D3-BF4B-00C04F79EFBC}") = "Habitat.Website", "src\Project\Website\Habitat.Website.csproj", "{86CADB26-5817-46B6-88C7-76D5753722C3}"
EndProject
Project("{FAE04EC0-301F-11D3-BF4B-00C04F79EFBC}") = "Habitat.Framework.Serialization", "src\Framework\Serialization\Habitat.Framework.Serialization.csproj", "{007CD5DC-0030-460D-91A3-3DDEA9AB472F}"
EndProject
Project("{FAE04EC0-301F-11D3-BF4B-00C04F79EFBC}") = "Habitat.Accounts", "src\Domain\Accounts\Habitat.Accounts.csproj", "{3F61C57D-50D9-4194-8196-EF5F7AA4CCE5}"
EndProject
Project("{FAE04EC0-301F-11D3-BF4B-00C04F79EFBC}") = "Habitat.Framework.Indexing", "src\Framework\Indexing\Habitat.Framework.Indexing.csproj", "{80213F24-577F-4F0B-A3B8-62485EA4D2F3}"
EndProject
Project("{FAE04EC0-301F-11D3-BF4B-00C04F79EFBC}") = "Habitat.Teasers", "src\Domain\Teasers\Habitat.Teasers.csproj", "{64C1C1EF-71CB-47BD-92F9-4E50CE35BD9F}"
EndProject
Project("{FAE04EC0-301F-11D3-BF4B-00C04F79EFBC}") = "Habitat.PageContent", "src\Domain\PageContent\Habitat.PageContent.csproj", "{DA079E95-DB53-4A66-AB35-2DAB71D19276}"
EndProject
Project("{2150E333-8FDC-42A3-9474-1A3956D46DE8}") = "Accounts", "Accounts", "{C7886F90-3A67-4889-8ACC-F07D42CFDBF0}"
EndProject
Project("{FAE04EC0-301F-11D3-BF4B-00C04F79EFBC}") = "Habitat.Accounts.Tests", "src\Domain\Accounts\Tests\Habitat.Accounts.Tests.csproj", "{0049EB56-74D3-4F39-B0CE-2295E0747F09}"
EndProject
Project("{2150E333-8FDC-42A3-9474-1A3956D46DE8}") = "Identity", "Identity", "{6F4B31B8-5677-448B-8A72-957E8AA47F52}"
EndProject
Project("{2150E333-8FDC-42A3-9474-1A3956D46DE8}") = "Language", "Language", "{3BB5C2EE-694B-49F4-989F-8484FD0A3F75}"
EndProject
Project("{2150E333-8FDC-42A3-9474-1A3956D46DE8}") = "Media", "Media", "{836F4115-EB6C-468A-AE65-6F123B0376E8}"
EndProject
Project("{2150E333-8FDC-42A3-9474-1A3956D46DE8}") = "Metadata", "Metadata", "{21824E62-1354-4760-A77F-08E55B9818A3}"
EndProject
Project("{2150E333-8FDC-42A3-9474-1A3956D46DE8}") = "Navigation", "Navigation", "{B9938A83-271F-4269-871B-A6DA15E476BD}"
EndProject
Project("{2150E333-8FDC-42A3-9474-1A3956D46DE8}") = "News", "News", "{049C2109-CF4F-4DD1-977D-92150C924E71}"
EndProject
Project("{2150E333-8FDC-42A3-9474-1A3956D46DE8}") = "PageContent", "PageContent", "{1EAC8CAC-9109-4A7A-9895-00248779A5D3}"
EndProject
Project("{2150E333-8FDC-42A3-9474-1A3956D46DE8}") = "Search", "Search", "{51628B90-7E96-4FAA-9556-D719548BE84D}"
EndProject
Project("{2150E333-8FDC-42A3-9474-1A3956D46DE8}") = "Social", "Social", "{F5F33FD2-3808-4C5C-9FAA-F1B07E339B66}"
EndProject
Project("{2150E333-8FDC-42A3-9474-1A3956D46DE8}") = "Teasers", "Teasers", "{8AE5D37C-D340-4D66-8BAE-48A7ED60BCE8}"
EndProject
Project("{FAE04EC0-301F-11D3-BF4B-00C04F79EFBC}") = "Habitat.Identity.Tests", "src\Domain\Identity\Tests\Habitat.Identity.Tests.csproj", "{3E361E0D-0A47-4195-8BCB-ABA95E197CD2}"
EndProject
Project("{FAE04EC0-301F-11D3-BF4B-00C04F79EFBC}") = "Habitat.Language.Tests", "src\Domain\Language\Tests\Habitat.Language.Tests.csproj", "{B65AC070-F56C-4C2C-9D0E-E76CEF7E8928}"
EndProject
Project("{FAE04EC0-301F-11D3-BF4B-00C04F79EFBC}") = "Habitat.Media.Tests", "src\Domain\Media\Tests\Habitat.Media.Tests.csproj", "{097A482B-CD89-4BA9-939F-B232D35AF8E1}"
EndProject
Project("{FAE04EC0-301F-11D3-BF4B-00C04F79EFBC}") = "Habitat.Metadata.Tests", "src\Domain\Metadata\Tests\Habitat.Metadata.Tests.csproj", "{76232CCE-4D3F-4332-8C34-2D7807EE3954}"
EndProject
Project("{FAE04EC0-301F-11D3-BF4B-00C04F79EFBC}") = "Habitat.Navigation.Tests", "src\Domain\Navigation\Tests\Habitat.Navigation.Tests.csproj", "{BE2F2700-095F-4B07-9553-02FF39BF92D6}"
EndProject
Project("{FAE04EC0-301F-11D3-BF4B-00C04F79EFBC}") = "Habitat.News.Tests", "src\Domain\News\Tests\Habitat.News.Tests.csproj", "{ADF3A6FF-9E94-400D-8A03-DE9C3A778186}"
EndProject
Project("{FAE04EC0-301F-11D3-BF4B-00C04F79EFBC}") = "Habitat.PageContent.Tests", "src\Domain\PageContent\Tests\Habitat.PageContent.Tests.csproj", "{FD62BBE5-5908-4201-A1F4-65875E89585E}"
EndProject
Project("{FAE04EC0-301F-11D3-BF4B-00C04F79EFBC}") = "Habitat.Search.Tests", "src\Domain\Search\Tests\Habitat.Search.Tests.csproj", "{DD250492-DDBC-4236-B57B-42D673935F69}"
EndProject
Project("{FAE04EC0-301F-11D3-BF4B-00C04F79EFBC}") = "Habitat.Social.Tests", "src\Domain\Social\Tests\Habitat.Social.Tests.csproj", "{2E2DBCC9-77F1-445D-B211-BD1E2289FB84}"
EndProject
Project("{FAE04EC0-301F-11D3-BF4B-00C04F79EFBC}") = "Habitat.Teasers.Tests", "src\Domain\Teasers\Tests\Habitat.Teasers.Tests.csproj", "{984266D0-1626-45B2-81AA-E4D2FCEE2E2A}"
EndProject
Project("{2150E333-8FDC-42A3-9474-1A3956D46DE8}") = "Assets", "Assets", "{4CEA4907-CB04-49A7-869D-FE39C479DF58}"
EndProject
Project("{2150E333-8FDC-42A3-9474-1A3956D46DE8}") = "Indexing", "Indexing", "{641F22ED-9C6A-4ADA-A9E7-7CA6A67E39B1}"
EndProject
Project("{2150E333-8FDC-42A3-9474-1A3956D46DE8}") = "Serialization", "Serialization", "{BF8EAE6B-0DFD-45EC-A419-1EC760FE9E49}"
EndProject
Project("{2150E333-8FDC-42A3-9474-1A3956D46DE8}") = "SitecoreExtensions", "SitecoreExtensions", "{BE813EFD-133F-4BDE-AD25-A67D16A218CA}"
EndProject
Project("{2150E333-8FDC-42A3-9474-1A3956D46DE8}") = "Taxonomy", "Taxonomy", "{740A74F7-12FF-461E-B4B1-BC9ADB93B88E}"
EndProject
Project("{FAE04EC0-301F-11D3-BF4B-00C04F79EFBC}") = "Habitat.Framework.Assets.Tests", "src\Framework\Assets\Tests\Habitat.Framework.Assets.Tests.csproj", "{E60740E9-6382-4378-8DA6-49F99057E8D4}"
EndProject
Project("{FAE04EC0-301F-11D3-BF4B-00C04F79EFBC}") = "Habitat.Framework.Indexing.Tests", "src\Framework\Indexing\Tests\Habitat.Framework.Indexing.Tests.csproj", "{3ECFDA25-B8AE-43F5-9CA9-4AFDF1F96901}"
EndProject
Project("{FAE04EC0-301F-11D3-BF4B-00C04F79EFBC}") = "Habitat.Framework.SitecoreExtensions.Tests", "src\Framework\SitecoreExtensions\Tests\Habitat.Framework.SitecoreExtensions.Tests.csproj", "{85F735B7-9BEE-43C3-94DF-539CE267F0B9}"
EndProject
Project("{FAE04EC0-301F-11D3-BF4B-00C04F79EFBC}") = "Habitat.Framework.Taxonomy.Tests", "src\Framework\Taxonomy\Tests\Habitat.Framework.Taxonomy.Tests.csproj", "{30C2C08C-0099-4B05-83B4-CDF15EDE33E5}"
EndProject
Project("{FAE04EC0-301F-11D3-BF4B-00C04F79EFBC}") = "Habitat.Accounts.Specflow", "src\Domain\Accounts\Specflow\Habitat.Accounts.Specflow.csproj", "{CF95188D-0E98-44FA-BB40-D1EA083A09FB}"
EndProject
Project("{FAE04EC0-301F-11D3-BF4B-00C04F79EFBC}") = "Habitat.Identity.Specflow", "src\Domain\Identity\Specflow\Habitat.Identity.Specflow.csproj", "{A9C70681-4676-4EC8-96D4-4E2FC47ECDFF}"
EndProject
Project("{FAE04EC0-301F-11D3-BF4B-00C04F79EFBC}") = "Habitat.Language.Specflow", "src\Domain\Language\Specflow\Habitat.Language.Specflow.csproj", "{99812DA7-6CEF-4971-ACEB-DD32AAD304B6}"
EndProject
Project("{FAE04EC0-301F-11D3-BF4B-00C04F79EFBC}") = "Habitat.Mdia.Specflow", "src\Domain\Media\Specflow\Habitat.Mdia.Specflow.csproj", "{98EDAD96-F400-4898-AA14-F63327D17F18}"
EndProject
Project("{FAE04EC0-301F-11D3-BF4B-00C04F79EFBC}") = "Habitat.Metadata.Specflow", "src\Domain\Metadata\Specflow\Habitat.Metadata.Specflow.csproj", "{22B66A8A-9155-4961-B439-7CC2C0665AED}"
EndProject
Project("{FAE04EC0-301F-11D3-BF4B-00C04F79EFBC}") = "Habitat.Navigation.Specflow", "src\Domain\Navigation\Specflow\Habitat.Navigation.Specflow.csproj", "{D4D07783-3669-45A4-9F2D-4CFDA40D2144}"
EndProject
Project("{FAE04EC0-301F-11D3-BF4B-00C04F79EFBC}") = "Habitat.News.Specflow", "src\Domain\News\Specflow\Habitat.News.Specflow.csproj", "{5B22786A-92C7-4F00-B678-A0A9A5B6E554}"
EndProject
Project("{FAE04EC0-301F-11D3-BF4B-00C04F79EFBC}") = "Habitat.PageContent.Specflow", "src\Domain\PageContent\Specflow\Habitat.PageContent.Specflow.csproj", "{FE72E154-7858-45BC-AB72-2C55CB8EE996}"
EndProject
Project("{FAE04EC0-301F-11D3-BF4B-00C04F79EFBC}") = "Habitat.Search.Specflow", "src\Domain\Search\Specflow\Habitat.Search.Specflow.csproj", "{029A386B-9895-4127-A6D3-416EED3D5B16}"
EndProject
Project("{FAE04EC0-301F-11D3-BF4B-00C04F79EFBC}") = "Habitat.Social.Specflow", "src\Domain\Social\Specflow\Habitat.Social.Specflow.csproj", "{5E3D01C4-286E-4AD0-96C3-74D0993F890F}"
EndProject
Project("{FAE04EC0-301F-11D3-BF4B-00C04F79EFBC}") = "Habitat.Teasers.Specflow", "src\Domain\Teasers\Specflow\Habitat.Teasers.Specflow.csproj", "{7A0D4342-60CC-498F-B0AB-4C19902C7FC8}"
EndProject
Global
	GlobalSection(SolutionConfigurationPlatforms) = preSolution
		Debug|Any CPU = Debug|Any CPU
		Debug|x64 = Debug|x64
		Release|Any CPU = Release|Any CPU
		Release|x64 = Release|x64
	EndGlobalSection
	GlobalSection(ProjectConfigurationPlatforms) = postSolution
		{B535703F-8D07-4F23-A533-2974BB4CC7B1}.Debug|Any CPU.ActiveCfg = Debug|Any CPU
		{B535703F-8D07-4F23-A533-2974BB4CC7B1}.Debug|Any CPU.Build.0 = Debug|Any CPU
		{B535703F-8D07-4F23-A533-2974BB4CC7B1}.Debug|x64.ActiveCfg = Debug|Any CPU
		{B535703F-8D07-4F23-A533-2974BB4CC7B1}.Debug|x64.Build.0 = Debug|Any CPU
		{B535703F-8D07-4F23-A533-2974BB4CC7B1}.Release|Any CPU.ActiveCfg = Release|Any CPU
		{B535703F-8D07-4F23-A533-2974BB4CC7B1}.Release|Any CPU.Build.0 = Release|Any CPU
		{B535703F-8D07-4F23-A533-2974BB4CC7B1}.Release|x64.ActiveCfg = Release|Any CPU
		{B535703F-8D07-4F23-A533-2974BB4CC7B1}.Release|x64.Build.0 = Release|Any CPU
		{7E46FF93-EE05-412C-AC47-2A59A13DA73C}.Debug|Any CPU.ActiveCfg = Debug|Any CPU
		{7E46FF93-EE05-412C-AC47-2A59A13DA73C}.Debug|Any CPU.Build.0 = Debug|Any CPU
		{7E46FF93-EE05-412C-AC47-2A59A13DA73C}.Debug|x64.ActiveCfg = Debug|Any CPU
		{7E46FF93-EE05-412C-AC47-2A59A13DA73C}.Debug|x64.Build.0 = Debug|Any CPU
		{7E46FF93-EE05-412C-AC47-2A59A13DA73C}.Release|Any CPU.ActiveCfg = Release|Any CPU
		{7E46FF93-EE05-412C-AC47-2A59A13DA73C}.Release|Any CPU.Build.0 = Release|Any CPU
		{7E46FF93-EE05-412C-AC47-2A59A13DA73C}.Release|x64.ActiveCfg = Release|Any CPU
		{7E46FF93-EE05-412C-AC47-2A59A13DA73C}.Release|x64.Build.0 = Release|Any CPU
		{1AAD6F22-9B6D-4688-8EA5-1AE7044031F7}.Debug|Any CPU.ActiveCfg = Debug|Any CPU
		{1AAD6F22-9B6D-4688-8EA5-1AE7044031F7}.Debug|Any CPU.Build.0 = Debug|Any CPU
		{1AAD6F22-9B6D-4688-8EA5-1AE7044031F7}.Debug|x64.ActiveCfg = Debug|Any CPU
		{1AAD6F22-9B6D-4688-8EA5-1AE7044031F7}.Debug|x64.Build.0 = Debug|Any CPU
		{1AAD6F22-9B6D-4688-8EA5-1AE7044031F7}.Release|Any CPU.ActiveCfg = Release|Any CPU
		{1AAD6F22-9B6D-4688-8EA5-1AE7044031F7}.Release|Any CPU.Build.0 = Release|Any CPU
		{1AAD6F22-9B6D-4688-8EA5-1AE7044031F7}.Release|x64.ActiveCfg = Release|Any CPU
		{1AAD6F22-9B6D-4688-8EA5-1AE7044031F7}.Release|x64.Build.0 = Release|Any CPU
		{2BBD157C-AD28-4055-A208-48A2DA93BD04}.Debug|Any CPU.ActiveCfg = Debug|Any CPU
		{2BBD157C-AD28-4055-A208-48A2DA93BD04}.Debug|Any CPU.Build.0 = Debug|Any CPU
		{2BBD157C-AD28-4055-A208-48A2DA93BD04}.Debug|x64.ActiveCfg = Debug|Any CPU
		{2BBD157C-AD28-4055-A208-48A2DA93BD04}.Debug|x64.Build.0 = Debug|Any CPU
		{2BBD157C-AD28-4055-A208-48A2DA93BD04}.Release|Any CPU.ActiveCfg = Release|Any CPU
		{2BBD157C-AD28-4055-A208-48A2DA93BD04}.Release|Any CPU.Build.0 = Release|Any CPU
		{2BBD157C-AD28-4055-A208-48A2DA93BD04}.Release|x64.ActiveCfg = Release|Any CPU
		{2BBD157C-AD28-4055-A208-48A2DA93BD04}.Release|x64.Build.0 = Release|Any CPU
		{16003E7F-0FAF-4DEE-B13D-DD327E965A98}.Debug|Any CPU.ActiveCfg = Debug|Any CPU
		{16003E7F-0FAF-4DEE-B13D-DD327E965A98}.Debug|Any CPU.Build.0 = Debug|Any CPU
		{16003E7F-0FAF-4DEE-B13D-DD327E965A98}.Debug|x64.ActiveCfg = Debug|Any CPU
		{16003E7F-0FAF-4DEE-B13D-DD327E965A98}.Debug|x64.Build.0 = Debug|Any CPU
		{16003E7F-0FAF-4DEE-B13D-DD327E965A98}.Release|Any CPU.ActiveCfg = Release|Any CPU
		{16003E7F-0FAF-4DEE-B13D-DD327E965A98}.Release|Any CPU.Build.0 = Release|Any CPU
		{16003E7F-0FAF-4DEE-B13D-DD327E965A98}.Release|x64.ActiveCfg = Release|Any CPU
		{16003E7F-0FAF-4DEE-B13D-DD327E965A98}.Release|x64.Build.0 = Release|Any CPU
		{C353B05E-1D24-4806-B1C3-C55DA60CB15D}.Debug|Any CPU.ActiveCfg = Debug|Any CPU
		{C353B05E-1D24-4806-B1C3-C55DA60CB15D}.Debug|Any CPU.Build.0 = Debug|Any CPU
		{C353B05E-1D24-4806-B1C3-C55DA60CB15D}.Debug|x64.ActiveCfg = Debug|Any CPU
		{C353B05E-1D24-4806-B1C3-C55DA60CB15D}.Debug|x64.Build.0 = Debug|Any CPU
		{C353B05E-1D24-4806-B1C3-C55DA60CB15D}.Release|Any CPU.ActiveCfg = Release|Any CPU
		{C353B05E-1D24-4806-B1C3-C55DA60CB15D}.Release|Any CPU.Build.0 = Release|Any CPU
		{C353B05E-1D24-4806-B1C3-C55DA60CB15D}.Release|x64.ActiveCfg = Release|Any CPU
		{C353B05E-1D24-4806-B1C3-C55DA60CB15D}.Release|x64.Build.0 = Release|Any CPU
		{B018C183-6976-4766-B2C0-0CBA4C064AED}.Debug|Any CPU.ActiveCfg = Debug|Any CPU
		{B018C183-6976-4766-B2C0-0CBA4C064AED}.Debug|Any CPU.Build.0 = Debug|Any CPU
		{B018C183-6976-4766-B2C0-0CBA4C064AED}.Debug|x64.ActiveCfg = Debug|Any CPU
		{B018C183-6976-4766-B2C0-0CBA4C064AED}.Debug|x64.Build.0 = Debug|Any CPU
		{B018C183-6976-4766-B2C0-0CBA4C064AED}.Release|Any CPU.ActiveCfg = Release|Any CPU
		{B018C183-6976-4766-B2C0-0CBA4C064AED}.Release|Any CPU.Build.0 = Release|Any CPU
		{B018C183-6976-4766-B2C0-0CBA4C064AED}.Release|x64.ActiveCfg = Release|Any CPU
		{B018C183-6976-4766-B2C0-0CBA4C064AED}.Release|x64.Build.0 = Release|Any CPU
		{0D0B809C-03AB-4EE1-898F-CFE28CF5B245}.Debug|Any CPU.ActiveCfg = Debug|Any CPU
		{0D0B809C-03AB-4EE1-898F-CFE28CF5B245}.Debug|Any CPU.Build.0 = Debug|Any CPU
		{0D0B809C-03AB-4EE1-898F-CFE28CF5B245}.Debug|x64.ActiveCfg = Debug|Any CPU
		{0D0B809C-03AB-4EE1-898F-CFE28CF5B245}.Debug|x64.Build.0 = Debug|Any CPU
		{0D0B809C-03AB-4EE1-898F-CFE28CF5B245}.Release|Any CPU.ActiveCfg = Release|Any CPU
		{0D0B809C-03AB-4EE1-898F-CFE28CF5B245}.Release|Any CPU.Build.0 = Release|Any CPU
		{0D0B809C-03AB-4EE1-898F-CFE28CF5B245}.Release|x64.ActiveCfg = Release|Any CPU
		{0D0B809C-03AB-4EE1-898F-CFE28CF5B245}.Release|x64.Build.0 = Release|Any CPU
		{55B9C026-E106-4185-8213-9CDD53B44E1B}.Debug|Any CPU.ActiveCfg = Debug|Any CPU
		{55B9C026-E106-4185-8213-9CDD53B44E1B}.Debug|Any CPU.Build.0 = Debug|Any CPU
		{55B9C026-E106-4185-8213-9CDD53B44E1B}.Debug|x64.ActiveCfg = Debug|Any CPU
		{55B9C026-E106-4185-8213-9CDD53B44E1B}.Release|Any CPU.ActiveCfg = Release|Any CPU
		{55B9C026-E106-4185-8213-9CDD53B44E1B}.Release|Any CPU.Build.0 = Release|Any CPU
		{55B9C026-E106-4185-8213-9CDD53B44E1B}.Release|x64.ActiveCfg = Release|Any CPU
		{ACA65632-EE93-422B-B25E-8E31969694F5}.Debug|Any CPU.ActiveCfg = Debug|Any CPU
		{ACA65632-EE93-422B-B25E-8E31969694F5}.Debug|Any CPU.Build.0 = Debug|Any CPU
		{ACA65632-EE93-422B-B25E-8E31969694F5}.Debug|x64.ActiveCfg = Debug|Any CPU
		{ACA65632-EE93-422B-B25E-8E31969694F5}.Debug|x64.Build.0 = Debug|Any CPU
		{ACA65632-EE93-422B-B25E-8E31969694F5}.Release|Any CPU.ActiveCfg = Release|Any CPU
		{ACA65632-EE93-422B-B25E-8E31969694F5}.Release|Any CPU.Build.0 = Release|Any CPU
		{ACA65632-EE93-422B-B25E-8E31969694F5}.Release|x64.ActiveCfg = Release|Any CPU
		{ACA65632-EE93-422B-B25E-8E31969694F5}.Release|x64.Build.0 = Release|Any CPU
		{1417B162-F987-4CBD-8642-CA4C4119E705}.Debug|Any CPU.ActiveCfg = Debug|Any CPU
		{1417B162-F987-4CBD-8642-CA4C4119E705}.Debug|Any CPU.Build.0 = Debug|Any CPU
		{1417B162-F987-4CBD-8642-CA4C4119E705}.Debug|x64.ActiveCfg = Debug|Any CPU
		{1417B162-F987-4CBD-8642-CA4C4119E705}.Debug|x64.Build.0 = Debug|Any CPU
		{1417B162-F987-4CBD-8642-CA4C4119E705}.Release|Any CPU.ActiveCfg = Release|Any CPU
		{1417B162-F987-4CBD-8642-CA4C4119E705}.Release|Any CPU.Build.0 = Release|Any CPU
		{1417B162-F987-4CBD-8642-CA4C4119E705}.Release|x64.ActiveCfg = Release|Any CPU
		{1417B162-F987-4CBD-8642-CA4C4119E705}.Release|x64.Build.0 = Release|Any CPU
		{98DE0D1D-26F1-4CCA-847C-4E0FC2DBA5FC}.Debug|Any CPU.ActiveCfg = Debug|Any CPU
		{98DE0D1D-26F1-4CCA-847C-4E0FC2DBA5FC}.Debug|Any CPU.Build.0 = Debug|Any CPU
		{98DE0D1D-26F1-4CCA-847C-4E0FC2DBA5FC}.Debug|x64.ActiveCfg = Debug|Any CPU
		{98DE0D1D-26F1-4CCA-847C-4E0FC2DBA5FC}.Debug|x64.Build.0 = Debug|Any CPU
		{98DE0D1D-26F1-4CCA-847C-4E0FC2DBA5FC}.Release|Any CPU.ActiveCfg = Release|Any CPU
		{98DE0D1D-26F1-4CCA-847C-4E0FC2DBA5FC}.Release|Any CPU.Build.0 = Release|Any CPU
		{98DE0D1D-26F1-4CCA-847C-4E0FC2DBA5FC}.Release|x64.ActiveCfg = Release|Any CPU
		{98DE0D1D-26F1-4CCA-847C-4E0FC2DBA5FC}.Release|x64.Build.0 = Release|Any CPU
		{86CADB26-5817-46B6-88C7-76D5753722C3}.Debug|Any CPU.ActiveCfg = Debug|Any CPU
		{86CADB26-5817-46B6-88C7-76D5753722C3}.Debug|Any CPU.Build.0 = Debug|Any CPU
		{86CADB26-5817-46B6-88C7-76D5753722C3}.Debug|x64.ActiveCfg = Debug|Any CPU
		{86CADB26-5817-46B6-88C7-76D5753722C3}.Debug|x64.Build.0 = Debug|Any CPU
		{86CADB26-5817-46B6-88C7-76D5753722C3}.Release|Any CPU.ActiveCfg = Release|Any CPU
		{86CADB26-5817-46B6-88C7-76D5753722C3}.Release|Any CPU.Build.0 = Release|Any CPU
		{86CADB26-5817-46B6-88C7-76D5753722C3}.Release|x64.ActiveCfg = Release|Any CPU
		{86CADB26-5817-46B6-88C7-76D5753722C3}.Release|x64.Build.0 = Release|Any CPU
		{007CD5DC-0030-460D-91A3-3DDEA9AB472F}.Debug|Any CPU.ActiveCfg = Debug|Any CPU
		{007CD5DC-0030-460D-91A3-3DDEA9AB472F}.Debug|Any CPU.Build.0 = Debug|Any CPU
		{007CD5DC-0030-460D-91A3-3DDEA9AB472F}.Debug|x64.ActiveCfg = Debug|Any CPU
		{007CD5DC-0030-460D-91A3-3DDEA9AB472F}.Debug|x64.Build.0 = Debug|Any CPU
		{007CD5DC-0030-460D-91A3-3DDEA9AB472F}.Release|Any CPU.ActiveCfg = Release|Any CPU
		{007CD5DC-0030-460D-91A3-3DDEA9AB472F}.Release|Any CPU.Build.0 = Release|Any CPU
		{007CD5DC-0030-460D-91A3-3DDEA9AB472F}.Release|x64.ActiveCfg = Release|Any CPU
		{007CD5DC-0030-460D-91A3-3DDEA9AB472F}.Release|x64.Build.0 = Release|Any CPU
		{3F61C57D-50D9-4194-8196-EF5F7AA4CCE5}.Debug|Any CPU.ActiveCfg = Debug|Any CPU
		{3F61C57D-50D9-4194-8196-EF5F7AA4CCE5}.Debug|Any CPU.Build.0 = Debug|Any CPU
		{3F61C57D-50D9-4194-8196-EF5F7AA4CCE5}.Debug|x64.ActiveCfg = Debug|Any CPU
		{3F61C57D-50D9-4194-8196-EF5F7AA4CCE5}.Debug|x64.Build.0 = Debug|Any CPU
		{3F61C57D-50D9-4194-8196-EF5F7AA4CCE5}.Release|Any CPU.ActiveCfg = Release|Any CPU
		{3F61C57D-50D9-4194-8196-EF5F7AA4CCE5}.Release|Any CPU.Build.0 = Release|Any CPU
		{3F61C57D-50D9-4194-8196-EF5F7AA4CCE5}.Release|x64.ActiveCfg = Release|Any CPU
		{3F61C57D-50D9-4194-8196-EF5F7AA4CCE5}.Release|x64.Build.0 = Release|Any CPU
		{80213F24-577F-4F0B-A3B8-62485EA4D2F3}.Debug|Any CPU.ActiveCfg = Debug|Any CPU
		{80213F24-577F-4F0B-A3B8-62485EA4D2F3}.Debug|Any CPU.Build.0 = Debug|Any CPU
		{80213F24-577F-4F0B-A3B8-62485EA4D2F3}.Debug|x64.ActiveCfg = Debug|Any CPU
		{80213F24-577F-4F0B-A3B8-62485EA4D2F3}.Debug|x64.Build.0 = Debug|Any CPU
		{80213F24-577F-4F0B-A3B8-62485EA4D2F3}.Release|Any CPU.ActiveCfg = Release|Any CPU
		{80213F24-577F-4F0B-A3B8-62485EA4D2F3}.Release|Any CPU.Build.0 = Release|Any CPU
		{80213F24-577F-4F0B-A3B8-62485EA4D2F3}.Release|x64.ActiveCfg = Release|Any CPU
		{80213F24-577F-4F0B-A3B8-62485EA4D2F3}.Release|x64.Build.0 = Release|Any CPU
		{64C1C1EF-71CB-47BD-92F9-4E50CE35BD9F}.Debug|Any CPU.ActiveCfg = Debug|Any CPU
		{64C1C1EF-71CB-47BD-92F9-4E50CE35BD9F}.Debug|Any CPU.Build.0 = Debug|Any CPU
		{64C1C1EF-71CB-47BD-92F9-4E50CE35BD9F}.Debug|x64.ActiveCfg = Debug|Any CPU
		{64C1C1EF-71CB-47BD-92F9-4E50CE35BD9F}.Debug|x64.Build.0 = Debug|Any CPU
		{64C1C1EF-71CB-47BD-92F9-4E50CE35BD9F}.Release|Any CPU.ActiveCfg = Release|Any CPU
		{64C1C1EF-71CB-47BD-92F9-4E50CE35BD9F}.Release|Any CPU.Build.0 = Release|Any CPU
		{64C1C1EF-71CB-47BD-92F9-4E50CE35BD9F}.Release|x64.ActiveCfg = Release|Any CPU
		{64C1C1EF-71CB-47BD-92F9-4E50CE35BD9F}.Release|x64.Build.0 = Release|Any CPU
		{DA079E95-DB53-4A66-AB35-2DAB71D19276}.Debug|Any CPU.ActiveCfg = Debug|Any CPU
		{DA079E95-DB53-4A66-AB35-2DAB71D19276}.Debug|Any CPU.Build.0 = Debug|Any CPU
		{DA079E95-DB53-4A66-AB35-2DAB71D19276}.Debug|x64.ActiveCfg = Debug|Any CPU
		{DA079E95-DB53-4A66-AB35-2DAB71D19276}.Debug|x64.Build.0 = Debug|Any CPU
		{DA079E95-DB53-4A66-AB35-2DAB71D19276}.Release|Any CPU.ActiveCfg = Release|Any CPU
		{DA079E95-DB53-4A66-AB35-2DAB71D19276}.Release|Any CPU.Build.0 = Release|Any CPU
		{DA079E95-DB53-4A66-AB35-2DAB71D19276}.Release|x64.ActiveCfg = Release|Any CPU
		{DA079E95-DB53-4A66-AB35-2DAB71D19276}.Release|x64.Build.0 = Release|Any CPU
		{0049EB56-74D3-4F39-B0CE-2295E0747F09}.Debug|Any CPU.ActiveCfg = Debug|Any CPU
		{0049EB56-74D3-4F39-B0CE-2295E0747F09}.Debug|Any CPU.Build.0 = Debug|Any CPU
		{0049EB56-74D3-4F39-B0CE-2295E0747F09}.Debug|x64.ActiveCfg = Debug|Any CPU
		{0049EB56-74D3-4F39-B0CE-2295E0747F09}.Debug|x64.Build.0 = Debug|Any CPU
		{0049EB56-74D3-4F39-B0CE-2295E0747F09}.Release|Any CPU.ActiveCfg = Release|Any CPU
		{0049EB56-74D3-4F39-B0CE-2295E0747F09}.Release|Any CPU.Build.0 = Release|Any CPU
		{0049EB56-74D3-4F39-B0CE-2295E0747F09}.Release|x64.ActiveCfg = Release|Any CPU
		{0049EB56-74D3-4F39-B0CE-2295E0747F09}.Release|x64.Build.0 = Release|Any CPU
		{3E361E0D-0A47-4195-8BCB-ABA95E197CD2}.Debug|Any CPU.ActiveCfg = Debug|Any CPU
		{3E361E0D-0A47-4195-8BCB-ABA95E197CD2}.Debug|Any CPU.Build.0 = Debug|Any CPU
		{3E361E0D-0A47-4195-8BCB-ABA95E197CD2}.Debug|x64.ActiveCfg = Debug|Any CPU
		{3E361E0D-0A47-4195-8BCB-ABA95E197CD2}.Debug|x64.Build.0 = Debug|Any CPU
		{3E361E0D-0A47-4195-8BCB-ABA95E197CD2}.Release|Any CPU.ActiveCfg = Release|Any CPU
		{3E361E0D-0A47-4195-8BCB-ABA95E197CD2}.Release|Any CPU.Build.0 = Release|Any CPU
		{3E361E0D-0A47-4195-8BCB-ABA95E197CD2}.Release|x64.ActiveCfg = Release|Any CPU
		{3E361E0D-0A47-4195-8BCB-ABA95E197CD2}.Release|x64.Build.0 = Release|Any CPU
		{B65AC070-F56C-4C2C-9D0E-E76CEF7E8928}.Debug|Any CPU.ActiveCfg = Debug|Any CPU
		{B65AC070-F56C-4C2C-9D0E-E76CEF7E8928}.Debug|Any CPU.Build.0 = Debug|Any CPU
		{B65AC070-F56C-4C2C-9D0E-E76CEF7E8928}.Debug|x64.ActiveCfg = Debug|Any CPU
		{B65AC070-F56C-4C2C-9D0E-E76CEF7E8928}.Debug|x64.Build.0 = Debug|Any CPU
		{B65AC070-F56C-4C2C-9D0E-E76CEF7E8928}.Release|Any CPU.ActiveCfg = Release|Any CPU
		{B65AC070-F56C-4C2C-9D0E-E76CEF7E8928}.Release|Any CPU.Build.0 = Release|Any CPU
		{B65AC070-F56C-4C2C-9D0E-E76CEF7E8928}.Release|x64.ActiveCfg = Release|Any CPU
		{B65AC070-F56C-4C2C-9D0E-E76CEF7E8928}.Release|x64.Build.0 = Release|Any CPU
		{097A482B-CD89-4BA9-939F-B232D35AF8E1}.Debug|Any CPU.ActiveCfg = Debug|Any CPU
		{097A482B-CD89-4BA9-939F-B232D35AF8E1}.Debug|Any CPU.Build.0 = Debug|Any CPU
		{097A482B-CD89-4BA9-939F-B232D35AF8E1}.Debug|x64.ActiveCfg = Debug|Any CPU
		{097A482B-CD89-4BA9-939F-B232D35AF8E1}.Debug|x64.Build.0 = Debug|Any CPU
		{097A482B-CD89-4BA9-939F-B232D35AF8E1}.Release|Any CPU.ActiveCfg = Release|Any CPU
		{097A482B-CD89-4BA9-939F-B232D35AF8E1}.Release|Any CPU.Build.0 = Release|Any CPU
		{097A482B-CD89-4BA9-939F-B232D35AF8E1}.Release|x64.ActiveCfg = Release|Any CPU
		{097A482B-CD89-4BA9-939F-B232D35AF8E1}.Release|x64.Build.0 = Release|Any CPU
		{76232CCE-4D3F-4332-8C34-2D7807EE3954}.Debug|Any CPU.ActiveCfg = Debug|Any CPU
		{76232CCE-4D3F-4332-8C34-2D7807EE3954}.Debug|Any CPU.Build.0 = Debug|Any CPU
		{76232CCE-4D3F-4332-8C34-2D7807EE3954}.Debug|x64.ActiveCfg = Debug|Any CPU
		{76232CCE-4D3F-4332-8C34-2D7807EE3954}.Debug|x64.Build.0 = Debug|Any CPU
		{76232CCE-4D3F-4332-8C34-2D7807EE3954}.Release|Any CPU.ActiveCfg = Release|Any CPU
		{76232CCE-4D3F-4332-8C34-2D7807EE3954}.Release|Any CPU.Build.0 = Release|Any CPU
		{76232CCE-4D3F-4332-8C34-2D7807EE3954}.Release|x64.ActiveCfg = Release|Any CPU
		{76232CCE-4D3F-4332-8C34-2D7807EE3954}.Release|x64.Build.0 = Release|Any CPU
		{BE2F2700-095F-4B07-9553-02FF39BF92D6}.Debug|Any CPU.ActiveCfg = Debug|Any CPU
		{BE2F2700-095F-4B07-9553-02FF39BF92D6}.Debug|Any CPU.Build.0 = Debug|Any CPU
		{BE2F2700-095F-4B07-9553-02FF39BF92D6}.Debug|x64.ActiveCfg = Debug|Any CPU
		{BE2F2700-095F-4B07-9553-02FF39BF92D6}.Debug|x64.Build.0 = Debug|Any CPU
		{BE2F2700-095F-4B07-9553-02FF39BF92D6}.Release|Any CPU.ActiveCfg = Release|Any CPU
		{BE2F2700-095F-4B07-9553-02FF39BF92D6}.Release|Any CPU.Build.0 = Release|Any CPU
		{BE2F2700-095F-4B07-9553-02FF39BF92D6}.Release|x64.ActiveCfg = Release|Any CPU
		{BE2F2700-095F-4B07-9553-02FF39BF92D6}.Release|x64.Build.0 = Release|Any CPU
		{ADF3A6FF-9E94-400D-8A03-DE9C3A778186}.Debug|Any CPU.ActiveCfg = Debug|Any CPU
		{ADF3A6FF-9E94-400D-8A03-DE9C3A778186}.Debug|Any CPU.Build.0 = Debug|Any CPU
		{ADF3A6FF-9E94-400D-8A03-DE9C3A778186}.Debug|x64.ActiveCfg = Debug|Any CPU
		{ADF3A6FF-9E94-400D-8A03-DE9C3A778186}.Debug|x64.Build.0 = Debug|Any CPU
		{ADF3A6FF-9E94-400D-8A03-DE9C3A778186}.Release|Any CPU.ActiveCfg = Release|Any CPU
		{ADF3A6FF-9E94-400D-8A03-DE9C3A778186}.Release|Any CPU.Build.0 = Release|Any CPU
		{ADF3A6FF-9E94-400D-8A03-DE9C3A778186}.Release|x64.ActiveCfg = Release|Any CPU
		{ADF3A6FF-9E94-400D-8A03-DE9C3A778186}.Release|x64.Build.0 = Release|Any CPU
		{FD62BBE5-5908-4201-A1F4-65875E89585E}.Debug|Any CPU.ActiveCfg = Debug|Any CPU
		{FD62BBE5-5908-4201-A1F4-65875E89585E}.Debug|Any CPU.Build.0 = Debug|Any CPU
		{FD62BBE5-5908-4201-A1F4-65875E89585E}.Debug|x64.ActiveCfg = Debug|Any CPU
		{FD62BBE5-5908-4201-A1F4-65875E89585E}.Debug|x64.Build.0 = Debug|Any CPU
		{FD62BBE5-5908-4201-A1F4-65875E89585E}.Release|Any CPU.ActiveCfg = Release|Any CPU
		{FD62BBE5-5908-4201-A1F4-65875E89585E}.Release|Any CPU.Build.0 = Release|Any CPU
		{FD62BBE5-5908-4201-A1F4-65875E89585E}.Release|x64.ActiveCfg = Release|Any CPU
		{FD62BBE5-5908-4201-A1F4-65875E89585E}.Release|x64.Build.0 = Release|Any CPU
		{DD250492-DDBC-4236-B57B-42D673935F69}.Debug|Any CPU.ActiveCfg = Debug|Any CPU
		{DD250492-DDBC-4236-B57B-42D673935F69}.Debug|Any CPU.Build.0 = Debug|Any CPU
		{DD250492-DDBC-4236-B57B-42D673935F69}.Debug|x64.ActiveCfg = Debug|Any CPU
		{DD250492-DDBC-4236-B57B-42D673935F69}.Debug|x64.Build.0 = Debug|Any CPU
		{DD250492-DDBC-4236-B57B-42D673935F69}.Release|Any CPU.ActiveCfg = Release|Any CPU
		{DD250492-DDBC-4236-B57B-42D673935F69}.Release|Any CPU.Build.0 = Release|Any CPU
		{DD250492-DDBC-4236-B57B-42D673935F69}.Release|x64.ActiveCfg = Release|Any CPU
		{DD250492-DDBC-4236-B57B-42D673935F69}.Release|x64.Build.0 = Release|Any CPU
		{2E2DBCC9-77F1-445D-B211-BD1E2289FB84}.Debug|Any CPU.ActiveCfg = Debug|Any CPU
		{2E2DBCC9-77F1-445D-B211-BD1E2289FB84}.Debug|Any CPU.Build.0 = Debug|Any CPU
		{2E2DBCC9-77F1-445D-B211-BD1E2289FB84}.Debug|x64.ActiveCfg = Debug|Any CPU
		{2E2DBCC9-77F1-445D-B211-BD1E2289FB84}.Debug|x64.Build.0 = Debug|Any CPU
		{2E2DBCC9-77F1-445D-B211-BD1E2289FB84}.Release|Any CPU.ActiveCfg = Release|Any CPU
		{2E2DBCC9-77F1-445D-B211-BD1E2289FB84}.Release|Any CPU.Build.0 = Release|Any CPU
		{2E2DBCC9-77F1-445D-B211-BD1E2289FB84}.Release|x64.ActiveCfg = Release|Any CPU
		{2E2DBCC9-77F1-445D-B211-BD1E2289FB84}.Release|x64.Build.0 = Release|Any CPU
		{984266D0-1626-45B2-81AA-E4D2FCEE2E2A}.Debug|Any CPU.ActiveCfg = Debug|Any CPU
		{984266D0-1626-45B2-81AA-E4D2FCEE2E2A}.Debug|Any CPU.Build.0 = Debug|Any CPU
		{984266D0-1626-45B2-81AA-E4D2FCEE2E2A}.Debug|x64.ActiveCfg = Debug|Any CPU
		{984266D0-1626-45B2-81AA-E4D2FCEE2E2A}.Debug|x64.Build.0 = Debug|Any CPU
		{984266D0-1626-45B2-81AA-E4D2FCEE2E2A}.Release|Any CPU.ActiveCfg = Release|Any CPU
		{984266D0-1626-45B2-81AA-E4D2FCEE2E2A}.Release|Any CPU.Build.0 = Release|Any CPU
		{984266D0-1626-45B2-81AA-E4D2FCEE2E2A}.Release|x64.ActiveCfg = Release|Any CPU
		{984266D0-1626-45B2-81AA-E4D2FCEE2E2A}.Release|x64.Build.0 = Release|Any CPU
		{E60740E9-6382-4378-8DA6-49F99057E8D4}.Debug|Any CPU.ActiveCfg = Debug|Any CPU
		{E60740E9-6382-4378-8DA6-49F99057E8D4}.Debug|Any CPU.Build.0 = Debug|Any CPU
		{E60740E9-6382-4378-8DA6-49F99057E8D4}.Debug|x64.ActiveCfg = Debug|Any CPU
		{E60740E9-6382-4378-8DA6-49F99057E8D4}.Debug|x64.Build.0 = Debug|Any CPU
		{E60740E9-6382-4378-8DA6-49F99057E8D4}.Release|Any CPU.ActiveCfg = Release|Any CPU
		{E60740E9-6382-4378-8DA6-49F99057E8D4}.Release|Any CPU.Build.0 = Release|Any CPU
		{E60740E9-6382-4378-8DA6-49F99057E8D4}.Release|x64.ActiveCfg = Release|Any CPU
		{E60740E9-6382-4378-8DA6-49F99057E8D4}.Release|x64.Build.0 = Release|Any CPU
		{3ECFDA25-B8AE-43F5-9CA9-4AFDF1F96901}.Debug|Any CPU.ActiveCfg = Debug|Any CPU
		{3ECFDA25-B8AE-43F5-9CA9-4AFDF1F96901}.Debug|Any CPU.Build.0 = Debug|Any CPU
		{3ECFDA25-B8AE-43F5-9CA9-4AFDF1F96901}.Debug|x64.ActiveCfg = Debug|Any CPU
		{3ECFDA25-B8AE-43F5-9CA9-4AFDF1F96901}.Debug|x64.Build.0 = Debug|Any CPU
		{3ECFDA25-B8AE-43F5-9CA9-4AFDF1F96901}.Release|Any CPU.ActiveCfg = Release|Any CPU
		{3ECFDA25-B8AE-43F5-9CA9-4AFDF1F96901}.Release|Any CPU.Build.0 = Release|Any CPU
		{3ECFDA25-B8AE-43F5-9CA9-4AFDF1F96901}.Release|x64.ActiveCfg = Release|Any CPU
		{3ECFDA25-B8AE-43F5-9CA9-4AFDF1F96901}.Release|x64.Build.0 = Release|Any CPU
		{85F735B7-9BEE-43C3-94DF-539CE267F0B9}.Debug|Any CPU.ActiveCfg = Debug|Any CPU
		{85F735B7-9BEE-43C3-94DF-539CE267F0B9}.Debug|Any CPU.Build.0 = Debug|Any CPU
		{85F735B7-9BEE-43C3-94DF-539CE267F0B9}.Debug|x64.ActiveCfg = Debug|Any CPU
		{85F735B7-9BEE-43C3-94DF-539CE267F0B9}.Debug|x64.Build.0 = Debug|Any CPU
		{85F735B7-9BEE-43C3-94DF-539CE267F0B9}.Release|Any CPU.ActiveCfg = Release|Any CPU
		{85F735B7-9BEE-43C3-94DF-539CE267F0B9}.Release|Any CPU.Build.0 = Release|Any CPU
		{85F735B7-9BEE-43C3-94DF-539CE267F0B9}.Release|x64.ActiveCfg = Release|Any CPU
		{85F735B7-9BEE-43C3-94DF-539CE267F0B9}.Release|x64.Build.0 = Release|Any CPU
		{30C2C08C-0099-4B05-83B4-CDF15EDE33E5}.Debug|Any CPU.ActiveCfg = Debug|Any CPU
		{30C2C08C-0099-4B05-83B4-CDF15EDE33E5}.Debug|Any CPU.Build.0 = Debug|Any CPU
		{30C2C08C-0099-4B05-83B4-CDF15EDE33E5}.Debug|x64.ActiveCfg = Debug|Any CPU
		{30C2C08C-0099-4B05-83B4-CDF15EDE33E5}.Debug|x64.Build.0 = Debug|Any CPU
		{30C2C08C-0099-4B05-83B4-CDF15EDE33E5}.Release|Any CPU.ActiveCfg = Release|Any CPU
		{30C2C08C-0099-4B05-83B4-CDF15EDE33E5}.Release|Any CPU.Build.0 = Release|Any CPU
		{30C2C08C-0099-4B05-83B4-CDF15EDE33E5}.Release|x64.ActiveCfg = Release|Any CPU
		{30C2C08C-0099-4B05-83B4-CDF15EDE33E5}.Release|x64.Build.0 = Release|Any CPU
		{CF95188D-0E98-44FA-BB40-D1EA083A09FB}.Debug|Any CPU.ActiveCfg = Debug|Any CPU
		{CF95188D-0E98-44FA-BB40-D1EA083A09FB}.Debug|Any CPU.Build.0 = Debug|Any CPU
		{CF95188D-0E98-44FA-BB40-D1EA083A09FB}.Debug|x64.ActiveCfg = Debug|Any CPU
		{CF95188D-0E98-44FA-BB40-D1EA083A09FB}.Debug|x64.Build.0 = Debug|Any CPU
		{CF95188D-0E98-44FA-BB40-D1EA083A09FB}.Release|Any CPU.ActiveCfg = Release|Any CPU
		{CF95188D-0E98-44FA-BB40-D1EA083A09FB}.Release|Any CPU.Build.0 = Release|Any CPU
		{CF95188D-0E98-44FA-BB40-D1EA083A09FB}.Release|x64.ActiveCfg = Release|Any CPU
		{CF95188D-0E98-44FA-BB40-D1EA083A09FB}.Release|x64.Build.0 = Release|Any CPU
		{A9C70681-4676-4EC8-96D4-4E2FC47ECDFF}.Debug|Any CPU.ActiveCfg = Debug|Any CPU
		{A9C70681-4676-4EC8-96D4-4E2FC47ECDFF}.Debug|Any CPU.Build.0 = Debug|Any CPU
		{A9C70681-4676-4EC8-96D4-4E2FC47ECDFF}.Debug|x64.ActiveCfg = Debug|Any CPU
		{A9C70681-4676-4EC8-96D4-4E2FC47ECDFF}.Debug|x64.Build.0 = Debug|Any CPU
		{A9C70681-4676-4EC8-96D4-4E2FC47ECDFF}.Release|Any CPU.ActiveCfg = Release|Any CPU
		{A9C70681-4676-4EC8-96D4-4E2FC47ECDFF}.Release|Any CPU.Build.0 = Release|Any CPU
		{A9C70681-4676-4EC8-96D4-4E2FC47ECDFF}.Release|x64.ActiveCfg = Release|Any CPU
		{A9C70681-4676-4EC8-96D4-4E2FC47ECDFF}.Release|x64.Build.0 = Release|Any CPU
		{99812DA7-6CEF-4971-ACEB-DD32AAD304B6}.Debug|Any CPU.ActiveCfg = Debug|Any CPU
		{99812DA7-6CEF-4971-ACEB-DD32AAD304B6}.Debug|Any CPU.Build.0 = Debug|Any CPU
		{99812DA7-6CEF-4971-ACEB-DD32AAD304B6}.Debug|x64.ActiveCfg = Debug|Any CPU
		{99812DA7-6CEF-4971-ACEB-DD32AAD304B6}.Debug|x64.Build.0 = Debug|Any CPU
		{99812DA7-6CEF-4971-ACEB-DD32AAD304B6}.Release|Any CPU.ActiveCfg = Release|Any CPU
		{99812DA7-6CEF-4971-ACEB-DD32AAD304B6}.Release|Any CPU.Build.0 = Release|Any CPU
		{99812DA7-6CEF-4971-ACEB-DD32AAD304B6}.Release|x64.ActiveCfg = Release|Any CPU
		{99812DA7-6CEF-4971-ACEB-DD32AAD304B6}.Release|x64.Build.0 = Release|Any CPU
		{98EDAD96-F400-4898-AA14-F63327D17F18}.Debug|Any CPU.ActiveCfg = Debug|Any CPU
		{98EDAD96-F400-4898-AA14-F63327D17F18}.Debug|Any CPU.Build.0 = Debug|Any CPU
		{98EDAD96-F400-4898-AA14-F63327D17F18}.Debug|x64.ActiveCfg = Debug|Any CPU
		{98EDAD96-F400-4898-AA14-F63327D17F18}.Debug|x64.Build.0 = Debug|Any CPU
		{98EDAD96-F400-4898-AA14-F63327D17F18}.Release|Any CPU.ActiveCfg = Release|Any CPU
		{98EDAD96-F400-4898-AA14-F63327D17F18}.Release|Any CPU.Build.0 = Release|Any CPU
		{98EDAD96-F400-4898-AA14-F63327D17F18}.Release|x64.ActiveCfg = Release|Any CPU
		{98EDAD96-F400-4898-AA14-F63327D17F18}.Release|x64.Build.0 = Release|Any CPU
		{22B66A8A-9155-4961-B439-7CC2C0665AED}.Debug|Any CPU.ActiveCfg = Debug|Any CPU
		{22B66A8A-9155-4961-B439-7CC2C0665AED}.Debug|Any CPU.Build.0 = Debug|Any CPU
		{22B66A8A-9155-4961-B439-7CC2C0665AED}.Debug|x64.ActiveCfg = Debug|Any CPU
		{22B66A8A-9155-4961-B439-7CC2C0665AED}.Debug|x64.Build.0 = Debug|Any CPU
		{22B66A8A-9155-4961-B439-7CC2C0665AED}.Release|Any CPU.ActiveCfg = Release|Any CPU
		{22B66A8A-9155-4961-B439-7CC2C0665AED}.Release|Any CPU.Build.0 = Release|Any CPU
		{22B66A8A-9155-4961-B439-7CC2C0665AED}.Release|x64.ActiveCfg = Release|Any CPU
		{22B66A8A-9155-4961-B439-7CC2C0665AED}.Release|x64.Build.0 = Release|Any CPU
		{D4D07783-3669-45A4-9F2D-4CFDA40D2144}.Debug|Any CPU.ActiveCfg = Debug|Any CPU
		{D4D07783-3669-45A4-9F2D-4CFDA40D2144}.Debug|Any CPU.Build.0 = Debug|Any CPU
		{D4D07783-3669-45A4-9F2D-4CFDA40D2144}.Debug|x64.ActiveCfg = Debug|Any CPU
		{D4D07783-3669-45A4-9F2D-4CFDA40D2144}.Debug|x64.Build.0 = Debug|Any CPU
		{D4D07783-3669-45A4-9F2D-4CFDA40D2144}.Release|Any CPU.ActiveCfg = Release|Any CPU
		{D4D07783-3669-45A4-9F2D-4CFDA40D2144}.Release|Any CPU.Build.0 = Release|Any CPU
		{D4D07783-3669-45A4-9F2D-4CFDA40D2144}.Release|x64.ActiveCfg = Release|Any CPU
		{D4D07783-3669-45A4-9F2D-4CFDA40D2144}.Release|x64.Build.0 = Release|Any CPU
		{5B22786A-92C7-4F00-B678-A0A9A5B6E554}.Debug|Any CPU.ActiveCfg = Debug|Any CPU
		{5B22786A-92C7-4F00-B678-A0A9A5B6E554}.Debug|Any CPU.Build.0 = Debug|Any CPU
		{5B22786A-92C7-4F00-B678-A0A9A5B6E554}.Debug|x64.ActiveCfg = Debug|Any CPU
		{5B22786A-92C7-4F00-B678-A0A9A5B6E554}.Debug|x64.Build.0 = Debug|Any CPU
		{5B22786A-92C7-4F00-B678-A0A9A5B6E554}.Release|Any CPU.ActiveCfg = Release|Any CPU
		{5B22786A-92C7-4F00-B678-A0A9A5B6E554}.Release|Any CPU.Build.0 = Release|Any CPU
		{5B22786A-92C7-4F00-B678-A0A9A5B6E554}.Release|x64.ActiveCfg = Release|Any CPU
		{5B22786A-92C7-4F00-B678-A0A9A5B6E554}.Release|x64.Build.0 = Release|Any CPU
		{FE72E154-7858-45BC-AB72-2C55CB8EE996}.Debug|Any CPU.ActiveCfg = Debug|Any CPU
		{FE72E154-7858-45BC-AB72-2C55CB8EE996}.Debug|Any CPU.Build.0 = Debug|Any CPU
		{FE72E154-7858-45BC-AB72-2C55CB8EE996}.Debug|x64.ActiveCfg = Debug|Any CPU
		{FE72E154-7858-45BC-AB72-2C55CB8EE996}.Debug|x64.Build.0 = Debug|Any CPU
		{FE72E154-7858-45BC-AB72-2C55CB8EE996}.Release|Any CPU.ActiveCfg = Release|Any CPU
		{FE72E154-7858-45BC-AB72-2C55CB8EE996}.Release|Any CPU.Build.0 = Release|Any CPU
		{FE72E154-7858-45BC-AB72-2C55CB8EE996}.Release|x64.ActiveCfg = Release|Any CPU
		{FE72E154-7858-45BC-AB72-2C55CB8EE996}.Release|x64.Build.0 = Release|Any CPU
		{029A386B-9895-4127-A6D3-416EED3D5B16}.Debug|Any CPU.ActiveCfg = Debug|Any CPU
		{029A386B-9895-4127-A6D3-416EED3D5B16}.Debug|Any CPU.Build.0 = Debug|Any CPU
		{029A386B-9895-4127-A6D3-416EED3D5B16}.Debug|x64.ActiveCfg = Debug|Any CPU
		{029A386B-9895-4127-A6D3-416EED3D5B16}.Debug|x64.Build.0 = Debug|Any CPU
		{029A386B-9895-4127-A6D3-416EED3D5B16}.Release|Any CPU.ActiveCfg = Release|Any CPU
		{029A386B-9895-4127-A6D3-416EED3D5B16}.Release|Any CPU.Build.0 = Release|Any CPU
		{029A386B-9895-4127-A6D3-416EED3D5B16}.Release|x64.ActiveCfg = Release|Any CPU
		{029A386B-9895-4127-A6D3-416EED3D5B16}.Release|x64.Build.0 = Release|Any CPU
		{5E3D01C4-286E-4AD0-96C3-74D0993F890F}.Debug|Any CPU.ActiveCfg = Debug|Any CPU
		{5E3D01C4-286E-4AD0-96C3-74D0993F890F}.Debug|Any CPU.Build.0 = Debug|Any CPU
		{5E3D01C4-286E-4AD0-96C3-74D0993F890F}.Debug|x64.ActiveCfg = Debug|Any CPU
		{5E3D01C4-286E-4AD0-96C3-74D0993F890F}.Debug|x64.Build.0 = Debug|Any CPU
		{5E3D01C4-286E-4AD0-96C3-74D0993F890F}.Release|Any CPU.ActiveCfg = Release|Any CPU
		{5E3D01C4-286E-4AD0-96C3-74D0993F890F}.Release|Any CPU.Build.0 = Release|Any CPU
		{5E3D01C4-286E-4AD0-96C3-74D0993F890F}.Release|x64.ActiveCfg = Release|Any CPU
		{5E3D01C4-286E-4AD0-96C3-74D0993F890F}.Release|x64.Build.0 = Release|Any CPU
		{7A0D4342-60CC-498F-B0AB-4C19902C7FC8}.Debug|Any CPU.ActiveCfg = Debug|Any CPU
		{7A0D4342-60CC-498F-B0AB-4C19902C7FC8}.Debug|Any CPU.Build.0 = Debug|Any CPU
		{7A0D4342-60CC-498F-B0AB-4C19902C7FC8}.Debug|x64.ActiveCfg = Debug|Any CPU
		{7A0D4342-60CC-498F-B0AB-4C19902C7FC8}.Debug|x64.Build.0 = Debug|Any CPU
		{7A0D4342-60CC-498F-B0AB-4C19902C7FC8}.Release|Any CPU.ActiveCfg = Release|Any CPU
		{7A0D4342-60CC-498F-B0AB-4C19902C7FC8}.Release|Any CPU.Build.0 = Release|Any CPU
		{7A0D4342-60CC-498F-B0AB-4C19902C7FC8}.Release|x64.ActiveCfg = Release|Any CPU
		{7A0D4342-60CC-498F-B0AB-4C19902C7FC8}.Release|x64.Build.0 = Release|Any CPU
	EndGlobalSection
	GlobalSection(SolutionProperties) = preSolution
		HideSolutionNode = FALSE
	EndGlobalSection
	GlobalSection(NestedProjects) = preSolution
		{B535703F-8D07-4F23-A533-2974BB4CC7B1} = {BE813EFD-133F-4BDE-AD25-A67D16A218CA}
		{7E46FF93-EE05-412C-AC47-2A59A13DA73C} = {4CEA4907-CB04-49A7-869D-FE39C479DF58}
		{1AAD6F22-9B6D-4688-8EA5-1AE7044031F7} = {049C2109-CF4F-4DD1-977D-92150C924E71}
		{2BBD157C-AD28-4055-A208-48A2DA93BD04} = {21824E62-1354-4760-A77F-08E55B9818A3}
		{16003E7F-0FAF-4DEE-B13D-DD327E965A98} = {B9938A83-271F-4269-871B-A6DA15E476BD}
		{C353B05E-1D24-4806-B1C3-C55DA60CB15D} = {740A74F7-12FF-461E-B4B1-BC9ADB93B88E}
		{B018C183-6976-4766-B2C0-0CBA4C064AED} = {F5F33FD2-3808-4C5C-9FAA-F1B07E339B66}
		{0D0B809C-03AB-4EE1-898F-CFE28CF5B245} = {6F4B31B8-5677-448B-8A72-957E8AA47F52}
		{55B9C026-E106-4185-8213-9CDD53B44E1B} = {51628B90-7E96-4FAA-9556-D719548BE84D}
		{ACA65632-EE93-422B-B25E-8E31969694F5} = {3BB5C2EE-694B-49F4-989F-8484FD0A3F75}
		{1417B162-F987-4CBD-8642-CA4C4119E705} = {836F4115-EB6C-468A-AE65-6F123B0376E8}
		{98DE0D1D-26F1-4CCA-847C-4E0FC2DBA5FC} = {9A8FD752-FF60-4789-8251-E1D8FF290F3F}
		{86CADB26-5817-46B6-88C7-76D5753722C3} = {9A8FD752-FF60-4789-8251-E1D8FF290F3F}
		{007CD5DC-0030-460D-91A3-3DDEA9AB472F} = {BF8EAE6B-0DFD-45EC-A419-1EC760FE9E49}
		{3F61C57D-50D9-4194-8196-EF5F7AA4CCE5} = {C7886F90-3A67-4889-8ACC-F07D42CFDBF0}
		{80213F24-577F-4F0B-A3B8-62485EA4D2F3} = {641F22ED-9C6A-4ADA-A9E7-7CA6A67E39B1}
		{64C1C1EF-71CB-47BD-92F9-4E50CE35BD9F} = {8AE5D37C-D340-4D66-8BAE-48A7ED60BCE8}
		{DA079E95-DB53-4A66-AB35-2DAB71D19276} = {1EAC8CAC-9109-4A7A-9895-00248779A5D3}
		{C7886F90-3A67-4889-8ACC-F07D42CFDBF0} = {755F9E42-1707-4E1A-AE6D-3FD8A25118C0}
		{0049EB56-74D3-4F39-B0CE-2295E0747F09} = {C7886F90-3A67-4889-8ACC-F07D42CFDBF0}
		{6F4B31B8-5677-448B-8A72-957E8AA47F52} = {755F9E42-1707-4E1A-AE6D-3FD8A25118C0}
		{3BB5C2EE-694B-49F4-989F-8484FD0A3F75} = {755F9E42-1707-4E1A-AE6D-3FD8A25118C0}
		{836F4115-EB6C-468A-AE65-6F123B0376E8} = {755F9E42-1707-4E1A-AE6D-3FD8A25118C0}
		{21824E62-1354-4760-A77F-08E55B9818A3} = {755F9E42-1707-4E1A-AE6D-3FD8A25118C0}
		{B9938A83-271F-4269-871B-A6DA15E476BD} = {755F9E42-1707-4E1A-AE6D-3FD8A25118C0}
		{049C2109-CF4F-4DD1-977D-92150C924E71} = {755F9E42-1707-4E1A-AE6D-3FD8A25118C0}
		{1EAC8CAC-9109-4A7A-9895-00248779A5D3} = {755F9E42-1707-4E1A-AE6D-3FD8A25118C0}
		{51628B90-7E96-4FAA-9556-D719548BE84D} = {755F9E42-1707-4E1A-AE6D-3FD8A25118C0}
		{F5F33FD2-3808-4C5C-9FAA-F1B07E339B66} = {755F9E42-1707-4E1A-AE6D-3FD8A25118C0}
		{8AE5D37C-D340-4D66-8BAE-48A7ED60BCE8} = {755F9E42-1707-4E1A-AE6D-3FD8A25118C0}
		{3E361E0D-0A47-4195-8BCB-ABA95E197CD2} = {6F4B31B8-5677-448B-8A72-957E8AA47F52}
		{B65AC070-F56C-4C2C-9D0E-E76CEF7E8928} = {3BB5C2EE-694B-49F4-989F-8484FD0A3F75}
		{097A482B-CD89-4BA9-939F-B232D35AF8E1} = {836F4115-EB6C-468A-AE65-6F123B0376E8}
		{76232CCE-4D3F-4332-8C34-2D7807EE3954} = {21824E62-1354-4760-A77F-08E55B9818A3}
		{BE2F2700-095F-4B07-9553-02FF39BF92D6} = {B9938A83-271F-4269-871B-A6DA15E476BD}
		{ADF3A6FF-9E94-400D-8A03-DE9C3A778186} = {049C2109-CF4F-4DD1-977D-92150C924E71}
		{FD62BBE5-5908-4201-A1F4-65875E89585E} = {1EAC8CAC-9109-4A7A-9895-00248779A5D3}
		{DD250492-DDBC-4236-B57B-42D673935F69} = {51628B90-7E96-4FAA-9556-D719548BE84D}
		{2E2DBCC9-77F1-445D-B211-BD1E2289FB84} = {F5F33FD2-3808-4C5C-9FAA-F1B07E339B66}
		{984266D0-1626-45B2-81AA-E4D2FCEE2E2A} = {8AE5D37C-D340-4D66-8BAE-48A7ED60BCE8}
		{4CEA4907-CB04-49A7-869D-FE39C479DF58} = {D2CBE02E-6AA7-4343-9A01-891F971A17F5}
		{641F22ED-9C6A-4ADA-A9E7-7CA6A67E39B1} = {D2CBE02E-6AA7-4343-9A01-891F971A17F5}
		{BF8EAE6B-0DFD-45EC-A419-1EC760FE9E49} = {D2CBE02E-6AA7-4343-9A01-891F971A17F5}
		{BE813EFD-133F-4BDE-AD25-A67D16A218CA} = {D2CBE02E-6AA7-4343-9A01-891F971A17F5}
		{740A74F7-12FF-461E-B4B1-BC9ADB93B88E} = {D2CBE02E-6AA7-4343-9A01-891F971A17F5}
		{E60740E9-6382-4378-8DA6-49F99057E8D4} = {4CEA4907-CB04-49A7-869D-FE39C479DF58}
		{3ECFDA25-B8AE-43F5-9CA9-4AFDF1F96901} = {641F22ED-9C6A-4ADA-A9E7-7CA6A67E39B1}
		{85F735B7-9BEE-43C3-94DF-539CE267F0B9} = {BE813EFD-133F-4BDE-AD25-A67D16A218CA}
		{30C2C08C-0099-4B05-83B4-CDF15EDE33E5} = {740A74F7-12FF-461E-B4B1-BC9ADB93B88E}
		{CF95188D-0E98-44FA-BB40-D1EA083A09FB} = {C7886F90-3A67-4889-8ACC-F07D42CFDBF0}
		{A9C70681-4676-4EC8-96D4-4E2FC47ECDFF} = {6F4B31B8-5677-448B-8A72-957E8AA47F52}
		{99812DA7-6CEF-4971-ACEB-DD32AAD304B6} = {3BB5C2EE-694B-49F4-989F-8484FD0A3F75}
		{98EDAD96-F400-4898-AA14-F63327D17F18} = {836F4115-EB6C-468A-AE65-6F123B0376E8}
		{22B66A8A-9155-4961-B439-7CC2C0665AED} = {21824E62-1354-4760-A77F-08E55B9818A3}
		{D4D07783-3669-45A4-9F2D-4CFDA40D2144} = {B9938A83-271F-4269-871B-A6DA15E476BD}
		{5B22786A-92C7-4F00-B678-A0A9A5B6E554} = {049C2109-CF4F-4DD1-977D-92150C924E71}
		{FE72E154-7858-45BC-AB72-2C55CB8EE996} = {1EAC8CAC-9109-4A7A-9895-00248779A5D3}
		{029A386B-9895-4127-A6D3-416EED3D5B16} = {51628B90-7E96-4FAA-9556-D719548BE84D}
		{5E3D01C4-286E-4AD0-96C3-74D0993F890F} = {F5F33FD2-3808-4C5C-9FAA-F1B07E339B66}
		{7A0D4342-60CC-498F-B0AB-4C19902C7FC8} = {8AE5D37C-D340-4D66-8BAE-48A7ED60BCE8}
	EndGlobalSection
EndGlobal
