
Microsoft Visual Studio Solution File, Format Version 12.00
# Visual Studio 14
VisualStudioVersion = 14.0.23107.0
MinimumVisualStudioVersion = 10.0.40219.1
Project("{FAE04EC0-301F-11D3-BF4B-00C04F79EFBC}") = "Habitat.Framework.SitecoreExtensions", "src\Framework\SitecoreExtensions\Habitat.Framework.SitecoreExtensions.csproj", "{B535703F-8D07-4F23-A533-2974BB4CC7B1}"
EndProject
Project("{2150E333-8FDC-42A3-9474-1A3956D46DE8}") = "Solution Items", "Solution Items", "{F347A85D-6FF5-4927-B5CF-54D81954E6A2}"
	ProjectSection(SolutionItems) = preProject
		.gitattributes = .gitattributes
		.gitignore = .gitignore
		gulp-config.js = gulp-config.js
		gulpfile.js = gulpfile.js
		LICENSE = LICENSE
		package.json = package.json
		publishsettings.targets = publishsettings.targets
		README.md = README.md
		src\Project\Website\App_Config\Include\Habitat\z.Habitat.DevSettings.config = src\Project\Website\App_Config\Include\Habitat\z.Habitat.DevSettings.config
	EndProjectSection
EndProject
Project("{2150E333-8FDC-42A3-9474-1A3956D46DE8}") = "Domain", "Domain", "{755F9E42-1707-4E1A-AE6D-3FD8A25118C0}"
EndProject
Project("{FAE04EC0-301F-11D3-BF4B-00C04F79EFBC}") = "Habitat.Framework.Assets", "src\Framework\Assets\Habitat.Framework.Assets.csproj", "{7E46FF93-EE05-412C-AC47-2A59A13DA73C}"
EndProject
Project("{2150E333-8FDC-42A3-9474-1A3956D46DE8}") = "Framework", "Framework", "{D2CBE02E-6AA7-4343-9A01-891F971A17F5}"
EndProject
Project("{FAE04EC0-301F-11D3-BF4B-00C04F79EFBC}") = "Habitat.News", "src\Domain\News\Habitat.News.csproj", "{1AAD6F22-9B6D-4688-8EA5-1AE7044031F7}"
EndProject
Project("{FAE04EC0-301F-11D3-BF4B-00C04F79EFBC}") = "Habitat.Metadata", "src\domain\Metadata\Habitat.Metadata.csproj", "{2BBD157C-AD28-4055-A208-48A2DA93BD04}"
EndProject
Project("{FAE04EC0-301F-11D3-BF4B-00C04F79EFBC}") = "Habitat.Navigation", "src\domain\Navigation\Habitat.Navigation.csproj", "{16003E7F-0FAF-4DEE-B13D-DD327E965A98}"
EndProject
Project("{FAE04EC0-301F-11D3-BF4B-00C04F79EFBC}") = "Habitat.Framework.Taxonomy", "src\Framework\Taxonomy\Habitat.Framework.Taxonomy.csproj", "{C353B05E-1D24-4806-B1C3-C55DA60CB15D}"
EndProject
Project("{FAE04EC0-301F-11D3-BF4B-00C04F79EFBC}") = "Habitat.Social", "src\domain\Social\Habitat.Social.csproj", "{B018C183-6976-4766-B2C0-0CBA4C064AED}"
EndProject
Project("{FAE04EC0-301F-11D3-BF4B-00C04F79EFBC}") = "Habitat.Identity", "src\domain\Identity\Habitat.Identity.csproj", "{0D0B809C-03AB-4EE1-898F-CFE28CF5B245}"
EndProject
Project("{FAE04EC0-301F-11D3-BF4B-00C04F79EFBC}") = "Habitat.Search", "src\Domain\Search\Habitat.Search.csproj", "{55B9C026-E106-4185-8213-9CDD53B44E1B}"
EndProject
Project("{FAE04EC0-301F-11D3-BF4B-00C04F79EFBC}") = "Habitat.Language", "src\Domain\Language\Habitat.Language.csproj", "{ACA65632-EE93-422B-B25E-8E31969694F5}"
EndProject
Project("{FAE04EC0-301F-11D3-BF4B-00C04F79EFBC}") = "Habitat.Media", "src\Domain\Media\Habitat.Media.csproj", "{1417B162-F987-4CBD-8642-CA4C4119E705}"
EndProject
Project("{2150E333-8FDC-42A3-9474-1A3956D46DE8}") = "Project", "Project", "{9A8FD752-FF60-4789-8251-E1D8FF290F3F}"
EndProject
Project("{FAE04EC0-301F-11D3-BF4B-00C04F79EFBC}") = "Habitat.Design", "src\Project\Design\Habitat.Design.csproj", "{98DE0D1D-26F1-4CCA-847C-4E0FC2DBA5FC}"
EndProject
Project("{FAE04EC0-301F-11D3-BF4B-00C04F79EFBC}") = "Habitat.Website", "src\Project\Website\Habitat.Website.csproj", "{86CADB26-5817-46B6-88C7-76D5753722C3}"
EndProject
Project("{FAE04EC0-301F-11D3-BF4B-00C04F79EFBC}") = "Habitat.Framework.Serialization", "src\Framework\Serialization\Habitat.Framework.Serialization.csproj", "{007CD5DC-0030-460D-91A3-3DDEA9AB472F}"
EndProject
Project("{FAE04EC0-301F-11D3-BF4B-00C04F79EFBC}") = "Habitat.Accounts", "src\Domain\Accounts\Habitat.Accounts.csproj", "{3F61C57D-50D9-4194-8196-EF5F7AA4CCE5}"
EndProject
Project("{FAE04EC0-301F-11D3-BF4B-00C04F79EFBC}") = "Habitat.Framework.Indexing", "src\Framework\Indexing\Habitat.Framework.Indexing.csproj", "{80213F24-577F-4F0B-A3B8-62485EA4D2F3}"
EndProject
Project("{FAE04EC0-301F-11D3-BF4B-00C04F79EFBC}") = "Habitat.ContentPage", "src\Domain\ContentPage\Habitat.ContentPage.csproj", "{DA079E95-DB53-4A66-AB35-2DAB71D19276}"
EndProject
Project("{FAE04EC0-301F-11D3-BF4B-00C04F79EFBC}") = "Habitat.Teasers", "src\Domain\Teasers\Habitat.Teasers.csproj", "{64C1C1EF-71CB-47BD-92F9-4E50CE35BD9F}"
EndProject
Global
	GlobalSection(SolutionConfigurationPlatforms) = preSolution
		Debug|Any CPU = Debug|Any CPU
		Debug|x64 = Debug|x64
		Release|Any CPU = Release|Any CPU
		Release|x64 = Release|x64
	EndGlobalSection
	GlobalSection(ProjectConfigurationPlatforms) = postSolution
		{B535703F-8D07-4F23-A533-2974BB4CC7B1}.Debug|Any CPU.ActiveCfg = Debug|Any CPU
		{B535703F-8D07-4F23-A533-2974BB4CC7B1}.Debug|Any CPU.Build.0 = Debug|Any CPU
		{B535703F-8D07-4F23-A533-2974BB4CC7B1}.Debug|x64.ActiveCfg = Debug|Any CPU
		{B535703F-8D07-4F23-A533-2974BB4CC7B1}.Debug|x64.Build.0 = Debug|Any CPU
		{B535703F-8D07-4F23-A533-2974BB4CC7B1}.Release|Any CPU.ActiveCfg = Release|Any CPU
		{B535703F-8D07-4F23-A533-2974BB4CC7B1}.Release|Any CPU.Build.0 = Release|Any CPU
		{B535703F-8D07-4F23-A533-2974BB4CC7B1}.Release|x64.ActiveCfg = Release|Any CPU
		{B535703F-8D07-4F23-A533-2974BB4CC7B1}.Release|x64.Build.0 = Release|Any CPU
		{7E46FF93-EE05-412C-AC47-2A59A13DA73C}.Debug|Any CPU.ActiveCfg = Debug|Any CPU
		{7E46FF93-EE05-412C-AC47-2A59A13DA73C}.Debug|Any CPU.Build.0 = Debug|Any CPU
		{7E46FF93-EE05-412C-AC47-2A59A13DA73C}.Debug|x64.ActiveCfg = Debug|Any CPU
		{7E46FF93-EE05-412C-AC47-2A59A13DA73C}.Debug|x64.Build.0 = Debug|Any CPU
		{7E46FF93-EE05-412C-AC47-2A59A13DA73C}.Release|Any CPU.ActiveCfg = Release|Any CPU
		{7E46FF93-EE05-412C-AC47-2A59A13DA73C}.Release|Any CPU.Build.0 = Release|Any CPU
		{7E46FF93-EE05-412C-AC47-2A59A13DA73C}.Release|x64.ActiveCfg = Release|Any CPU
		{7E46FF93-EE05-412C-AC47-2A59A13DA73C}.Release|x64.Build.0 = Release|Any CPU
		{1AAD6F22-9B6D-4688-8EA5-1AE7044031F7}.Debug|Any CPU.ActiveCfg = Debug|Any CPU
		{1AAD6F22-9B6D-4688-8EA5-1AE7044031F7}.Debug|Any CPU.Build.0 = Debug|Any CPU
		{1AAD6F22-9B6D-4688-8EA5-1AE7044031F7}.Debug|x64.ActiveCfg = Debug|Any CPU
		{1AAD6F22-9B6D-4688-8EA5-1AE7044031F7}.Debug|x64.Build.0 = Debug|Any CPU
		{1AAD6F22-9B6D-4688-8EA5-1AE7044031F7}.Release|Any CPU.ActiveCfg = Release|Any CPU
		{1AAD6F22-9B6D-4688-8EA5-1AE7044031F7}.Release|Any CPU.Build.0 = Release|Any CPU
		{1AAD6F22-9B6D-4688-8EA5-1AE7044031F7}.Release|x64.ActiveCfg = Release|Any CPU
		{1AAD6F22-9B6D-4688-8EA5-1AE7044031F7}.Release|x64.Build.0 = Release|Any CPU
		{2BBD157C-AD28-4055-A208-48A2DA93BD04}.Debug|Any CPU.ActiveCfg = Debug|Any CPU
		{2BBD157C-AD28-4055-A208-48A2DA93BD04}.Debug|Any CPU.Build.0 = Debug|Any CPU
		{2BBD157C-AD28-4055-A208-48A2DA93BD04}.Debug|x64.ActiveCfg = Debug|Any CPU
		{2BBD157C-AD28-4055-A208-48A2DA93BD04}.Debug|x64.Build.0 = Debug|Any CPU
		{2BBD157C-AD28-4055-A208-48A2DA93BD04}.Release|Any CPU.ActiveCfg = Release|Any CPU
		{2BBD157C-AD28-4055-A208-48A2DA93BD04}.Release|Any CPU.Build.0 = Release|Any CPU
		{2BBD157C-AD28-4055-A208-48A2DA93BD04}.Release|x64.ActiveCfg = Release|Any CPU
		{2BBD157C-AD28-4055-A208-48A2DA93BD04}.Release|x64.Build.0 = Release|Any CPU
		{16003E7F-0FAF-4DEE-B13D-DD327E965A98}.Debug|Any CPU.ActiveCfg = Debug|Any CPU
		{16003E7F-0FAF-4DEE-B13D-DD327E965A98}.Debug|Any CPU.Build.0 = Debug|Any CPU
		{16003E7F-0FAF-4DEE-B13D-DD327E965A98}.Debug|x64.ActiveCfg = Debug|Any CPU
		{16003E7F-0FAF-4DEE-B13D-DD327E965A98}.Debug|x64.Build.0 = Debug|Any CPU
		{16003E7F-0FAF-4DEE-B13D-DD327E965A98}.Release|Any CPU.ActiveCfg = Release|Any CPU
		{16003E7F-0FAF-4DEE-B13D-DD327E965A98}.Release|Any CPU.Build.0 = Release|Any CPU
		{16003E7F-0FAF-4DEE-B13D-DD327E965A98}.Release|x64.ActiveCfg = Release|Any CPU
		{16003E7F-0FAF-4DEE-B13D-DD327E965A98}.Release|x64.Build.0 = Release|Any CPU
		{C353B05E-1D24-4806-B1C3-C55DA60CB15D}.Debug|Any CPU.ActiveCfg = Debug|Any CPU
		{C353B05E-1D24-4806-B1C3-C55DA60CB15D}.Debug|Any CPU.Build.0 = Debug|Any CPU
		{C353B05E-1D24-4806-B1C3-C55DA60CB15D}.Debug|x64.ActiveCfg = Debug|Any CPU
		{C353B05E-1D24-4806-B1C3-C55DA60CB15D}.Debug|x64.Build.0 = Debug|Any CPU
		{C353B05E-1D24-4806-B1C3-C55DA60CB15D}.Release|Any CPU.ActiveCfg = Release|Any CPU
		{C353B05E-1D24-4806-B1C3-C55DA60CB15D}.Release|Any CPU.Build.0 = Release|Any CPU
		{C353B05E-1D24-4806-B1C3-C55DA60CB15D}.Release|x64.ActiveCfg = Release|Any CPU
		{C353B05E-1D24-4806-B1C3-C55DA60CB15D}.Release|x64.Build.0 = Release|Any CPU
		{B018C183-6976-4766-B2C0-0CBA4C064AED}.Debug|Any CPU.ActiveCfg = Debug|Any CPU
		{B018C183-6976-4766-B2C0-0CBA4C064AED}.Debug|Any CPU.Build.0 = Debug|Any CPU
		{B018C183-6976-4766-B2C0-0CBA4C064AED}.Debug|x64.ActiveCfg = Debug|Any CPU
		{B018C183-6976-4766-B2C0-0CBA4C064AED}.Debug|x64.Build.0 = Debug|Any CPU
		{B018C183-6976-4766-B2C0-0CBA4C064AED}.Release|Any CPU.ActiveCfg = Release|Any CPU
		{B018C183-6976-4766-B2C0-0CBA4C064AED}.Release|Any CPU.Build.0 = Release|Any CPU
		{B018C183-6976-4766-B2C0-0CBA4C064AED}.Release|x64.ActiveCfg = Release|Any CPU
		{B018C183-6976-4766-B2C0-0CBA4C064AED}.Release|x64.Build.0 = Release|Any CPU
		{0D0B809C-03AB-4EE1-898F-CFE28CF5B245}.Debug|Any CPU.ActiveCfg = Debug|Any CPU
		{0D0B809C-03AB-4EE1-898F-CFE28CF5B245}.Debug|Any CPU.Build.0 = Debug|Any CPU
		{0D0B809C-03AB-4EE1-898F-CFE28CF5B245}.Debug|x64.ActiveCfg = Debug|Any CPU
		{0D0B809C-03AB-4EE1-898F-CFE28CF5B245}.Debug|x64.Build.0 = Debug|Any CPU
		{0D0B809C-03AB-4EE1-898F-CFE28CF5B245}.Release|Any CPU.ActiveCfg = Release|Any CPU
		{0D0B809C-03AB-4EE1-898F-CFE28CF5B245}.Release|Any CPU.Build.0 = Release|Any CPU
		{0D0B809C-03AB-4EE1-898F-CFE28CF5B245}.Release|x64.ActiveCfg = Release|Any CPU
		{0D0B809C-03AB-4EE1-898F-CFE28CF5B245}.Release|x64.Build.0 = Release|Any CPU
		{55B9C026-E106-4185-8213-9CDD53B44E1B}.Debug|Any CPU.ActiveCfg = Debug|Any CPU
		{55B9C026-E106-4185-8213-9CDD53B44E1B}.Debug|Any CPU.Build.0 = Debug|Any CPU
		{55B9C026-E106-4185-8213-9CDD53B44E1B}.Debug|x64.ActiveCfg = Debug|Any CPU
		{55B9C026-E106-4185-8213-9CDD53B44E1B}.Release|Any CPU.ActiveCfg = Release|Any CPU
		{55B9C026-E106-4185-8213-9CDD53B44E1B}.Release|Any CPU.Build.0 = Release|Any CPU
		{55B9C026-E106-4185-8213-9CDD53B44E1B}.Release|x64.ActiveCfg = Release|Any CPU
		{ACA65632-EE93-422B-B25E-8E31969694F5}.Debug|Any CPU.ActiveCfg = Debug|Any CPU
		{ACA65632-EE93-422B-B25E-8E31969694F5}.Debug|Any CPU.Build.0 = Debug|Any CPU
		{ACA65632-EE93-422B-B25E-8E31969694F5}.Debug|x64.ActiveCfg = Debug|Any CPU
		{ACA65632-EE93-422B-B25E-8E31969694F5}.Debug|x64.Build.0 = Debug|Any CPU
		{ACA65632-EE93-422B-B25E-8E31969694F5}.Release|Any CPU.ActiveCfg = Release|Any CPU
		{ACA65632-EE93-422B-B25E-8E31969694F5}.Release|Any CPU.Build.0 = Release|Any CPU
		{ACA65632-EE93-422B-B25E-8E31969694F5}.Release|x64.ActiveCfg = Release|Any CPU
		{ACA65632-EE93-422B-B25E-8E31969694F5}.Release|x64.Build.0 = Release|Any CPU
		{1417B162-F987-4CBD-8642-CA4C4119E705}.Debug|Any CPU.ActiveCfg = Debug|Any CPU
		{1417B162-F987-4CBD-8642-CA4C4119E705}.Debug|Any CPU.Build.0 = Debug|Any CPU
		{1417B162-F987-4CBD-8642-CA4C4119E705}.Debug|x64.ActiveCfg = Debug|Any CPU
		{1417B162-F987-4CBD-8642-CA4C4119E705}.Debug|x64.Build.0 = Debug|Any CPU
		{1417B162-F987-4CBD-8642-CA4C4119E705}.Release|Any CPU.ActiveCfg = Release|Any CPU
		{1417B162-F987-4CBD-8642-CA4C4119E705}.Release|Any CPU.Build.0 = Release|Any CPU
		{1417B162-F987-4CBD-8642-CA4C4119E705}.Release|x64.ActiveCfg = Release|Any CPU
		{1417B162-F987-4CBD-8642-CA4C4119E705}.Release|x64.Build.0 = Release|Any CPU
		{98DE0D1D-26F1-4CCA-847C-4E0FC2DBA5FC}.Debug|Any CPU.ActiveCfg = Debug|Any CPU
		{98DE0D1D-26F1-4CCA-847C-4E0FC2DBA5FC}.Debug|Any CPU.Build.0 = Debug|Any CPU
		{98DE0D1D-26F1-4CCA-847C-4E0FC2DBA5FC}.Debug|x64.ActiveCfg = Debug|Any CPU
		{98DE0D1D-26F1-4CCA-847C-4E0FC2DBA5FC}.Debug|x64.Build.0 = Debug|Any CPU
		{98DE0D1D-26F1-4CCA-847C-4E0FC2DBA5FC}.Release|Any CPU.ActiveCfg = Release|Any CPU
		{98DE0D1D-26F1-4CCA-847C-4E0FC2DBA5FC}.Release|Any CPU.Build.0 = Release|Any CPU
		{98DE0D1D-26F1-4CCA-847C-4E0FC2DBA5FC}.Release|x64.ActiveCfg = Release|Any CPU
		{98DE0D1D-26F1-4CCA-847C-4E0FC2DBA5FC}.Release|x64.Build.0 = Release|Any CPU
		{86CADB26-5817-46B6-88C7-76D5753722C3}.Debug|Any CPU.ActiveCfg = Debug|Any CPU
		{86CADB26-5817-46B6-88C7-76D5753722C3}.Debug|Any CPU.Build.0 = Debug|Any CPU
		{86CADB26-5817-46B6-88C7-76D5753722C3}.Debug|x64.ActiveCfg = Debug|Any CPU
		{86CADB26-5817-46B6-88C7-76D5753722C3}.Debug|x64.Build.0 = Debug|Any CPU
		{86CADB26-5817-46B6-88C7-76D5753722C3}.Release|Any CPU.ActiveCfg = Release|Any CPU
		{86CADB26-5817-46B6-88C7-76D5753722C3}.Release|Any CPU.Build.0 = Release|Any CPU
		{86CADB26-5817-46B6-88C7-76D5753722C3}.Release|x64.ActiveCfg = Release|Any CPU
		{86CADB26-5817-46B6-88C7-76D5753722C3}.Release|x64.Build.0 = Release|Any CPU
		{007CD5DC-0030-460D-91A3-3DDEA9AB472F}.Debug|Any CPU.ActiveCfg = Debug|Any CPU
		{007CD5DC-0030-460D-91A3-3DDEA9AB472F}.Debug|Any CPU.Build.0 = Debug|Any CPU
		{007CD5DC-0030-460D-91A3-3DDEA9AB472F}.Debug|x64.ActiveCfg = Debug|Any CPU
		{007CD5DC-0030-460D-91A3-3DDEA9AB472F}.Debug|x64.Build.0 = Debug|Any CPU
		{007CD5DC-0030-460D-91A3-3DDEA9AB472F}.Release|Any CPU.ActiveCfg = Release|Any CPU
		{007CD5DC-0030-460D-91A3-3DDEA9AB472F}.Release|Any CPU.Build.0 = Release|Any CPU
		{007CD5DC-0030-460D-91A3-3DDEA9AB472F}.Release|x64.ActiveCfg = Release|Any CPU
		{007CD5DC-0030-460D-91A3-3DDEA9AB472F}.Release|x64.Build.0 = Release|Any CPU
		{3F61C57D-50D9-4194-8196-EF5F7AA4CCE5}.Debug|Any CPU.ActiveCfg = Debug|Any CPU
		{3F61C57D-50D9-4194-8196-EF5F7AA4CCE5}.Debug|Any CPU.Build.0 = Debug|Any CPU
		{3F61C57D-50D9-4194-8196-EF5F7AA4CCE5}.Debug|x64.ActiveCfg = Debug|Any CPU
		{3F61C57D-50D9-4194-8196-EF5F7AA4CCE5}.Debug|x64.Build.0 = Debug|Any CPU
		{3F61C57D-50D9-4194-8196-EF5F7AA4CCE5}.Release|Any CPU.ActiveCfg = Release|Any CPU
		{3F61C57D-50D9-4194-8196-EF5F7AA4CCE5}.Release|Any CPU.Build.0 = Release|Any CPU
		{3F61C57D-50D9-4194-8196-EF5F7AA4CCE5}.Release|x64.ActiveCfg = Release|Any CPU
		{3F61C57D-50D9-4194-8196-EF5F7AA4CCE5}.Release|x64.Build.0 = Release|Any CPU
		{80213F24-577F-4F0B-A3B8-62485EA4D2F3}.Debug|Any CPU.ActiveCfg = Debug|Any CPU
		{80213F24-577F-4F0B-A3B8-62485EA4D2F3}.Debug|Any CPU.Build.0 = Debug|Any CPU
		{80213F24-577F-4F0B-A3B8-62485EA4D2F3}.Debug|x64.ActiveCfg = Debug|Any CPU
		{80213F24-577F-4F0B-A3B8-62485EA4D2F3}.Debug|x64.Build.0 = Debug|Any CPU
		{80213F24-577F-4F0B-A3B8-62485EA4D2F3}.Release|Any CPU.ActiveCfg = Release|Any CPU
		{80213F24-577F-4F0B-A3B8-62485EA4D2F3}.Release|Any CPU.Build.0 = Release|Any CPU
		{80213F24-577F-4F0B-A3B8-62485EA4D2F3}.Release|x64.ActiveCfg = Release|Any CPU
		{80213F24-577F-4F0B-A3B8-62485EA4D2F3}.Release|x64.Build.0 = Release|Any CPU
		{DA079E95-DB53-4A66-AB35-2DAB71D19276}.Debug|Any CPU.ActiveCfg = Debug|Any CPU
		{DA079E95-DB53-4A66-AB35-2DAB71D19276}.Debug|Any CPU.Build.0 = Debug|Any CPU
		{DA079E95-DB53-4A66-AB35-2DAB71D19276}.Debug|x64.ActiveCfg = Debug|Any CPU
		{DA079E95-DB53-4A66-AB35-2DAB71D19276}.Debug|x64.Build.0 = Debug|Any CPU
		{DA079E95-DB53-4A66-AB35-2DAB71D19276}.Release|Any CPU.ActiveCfg = Release|Any CPU
		{DA079E95-DB53-4A66-AB35-2DAB71D19276}.Release|Any CPU.Build.0 = Release|Any CPU
		{DA079E95-DB53-4A66-AB35-2DAB71D19276}.Release|x64.ActiveCfg = Release|Any CPU
		{DA079E95-DB53-4A66-AB35-2DAB71D19276}.Release|x64.Build.0 = Release|Any CPU
		{64C1C1EF-71CB-47BD-92F9-4E50CE35BD9F}.Debug|Any CPU.ActiveCfg = Debug|Any CPU
		{64C1C1EF-71CB-47BD-92F9-4E50CE35BD9F}.Debug|Any CPU.Build.0 = Debug|Any CPU
		{64C1C1EF-71CB-47BD-92F9-4E50CE35BD9F}.Debug|x64.ActiveCfg = Debug|Any CPU
		{64C1C1EF-71CB-47BD-92F9-4E50CE35BD9F}.Debug|x64.Build.0 = Debug|Any CPU
		{64C1C1EF-71CB-47BD-92F9-4E50CE35BD9F}.Release|Any CPU.ActiveCfg = Release|Any CPU
		{64C1C1EF-71CB-47BD-92F9-4E50CE35BD9F}.Release|Any CPU.Build.0 = Release|Any CPU
		{64C1C1EF-71CB-47BD-92F9-4E50CE35BD9F}.Release|x64.ActiveCfg = Release|Any CPU
		{64C1C1EF-71CB-47BD-92F9-4E50CE35BD9F}.Release|x64.Build.0 = Release|Any CPU
	EndGlobalSection
	GlobalSection(SolutionProperties) = preSolution
		HideSolutionNode = FALSE
	EndGlobalSection
	GlobalSection(NestedProjects) = preSolution
		{B535703F-8D07-4F23-A533-2974BB4CC7B1} = {D2CBE02E-6AA7-4343-9A01-891F971A17F5}
		{7E46FF93-EE05-412C-AC47-2A59A13DA73C} = {D2CBE02E-6AA7-4343-9A01-891F971A17F5}
		{1AAD6F22-9B6D-4688-8EA5-1AE7044031F7} = {755F9E42-1707-4E1A-AE6D-3FD8A25118C0}
		{2BBD157C-AD28-4055-A208-48A2DA93BD04} = {755F9E42-1707-4E1A-AE6D-3FD8A25118C0}
		{16003E7F-0FAF-4DEE-B13D-DD327E965A98} = {755F9E42-1707-4E1A-AE6D-3FD8A25118C0}
		{C353B05E-1D24-4806-B1C3-C55DA60CB15D} = {D2CBE02E-6AA7-4343-9A01-891F971A17F5}
		{B018C183-6976-4766-B2C0-0CBA4C064AED} = {755F9E42-1707-4E1A-AE6D-3FD8A25118C0}
		{0D0B809C-03AB-4EE1-898F-CFE28CF5B245} = {755F9E42-1707-4E1A-AE6D-3FD8A25118C0}
		{55B9C026-E106-4185-8213-9CDD53B44E1B} = {755F9E42-1707-4E1A-AE6D-3FD8A25118C0}
		{ACA65632-EE93-422B-B25E-8E31969694F5} = {755F9E42-1707-4E1A-AE6D-3FD8A25118C0}
		{1417B162-F987-4CBD-8642-CA4C4119E705} = {755F9E42-1707-4E1A-AE6D-3FD8A25118C0}
		{98DE0D1D-26F1-4CCA-847C-4E0FC2DBA5FC} = {9A8FD752-FF60-4789-8251-E1D8FF290F3F}
		{86CADB26-5817-46B6-88C7-76D5753722C3} = {9A8FD752-FF60-4789-8251-E1D8FF290F3F}
		{007CD5DC-0030-460D-91A3-3DDEA9AB472F} = {D2CBE02E-6AA7-4343-9A01-891F971A17F5}
		{3F61C57D-50D9-4194-8196-EF5F7AA4CCE5} = {755F9E42-1707-4E1A-AE6D-3FD8A25118C0}
		{80213F24-577F-4F0B-A3B8-62485EA4D2F3} = {D2CBE02E-6AA7-4343-9A01-891F971A17F5}
		{DA079E95-DB53-4A66-AB35-2DAB71D19276} = {755F9E42-1707-4E1A-AE6D-3FD8A25118C0}
		{64C1C1EF-71CB-47BD-92F9-4E50CE35BD9F} = {755F9E42-1707-4E1A-AE6D-3FD8A25118C0}
	EndGlobalSection
EndGlobal
