
Microsoft Visual Studio Solution File, Format Version 12.00
# Visual Studio 14
VisualStudioVersion = 14.0.23107.0
MinimumVisualStudioVersion = 10.0.40219.1
Project("{FAE04EC0-301F-11D3-BF4B-00C04F79EFBC}") = "Sitecore.Foundation.SitecoreExtensions", "src\foundation\SitecoreExtensions\code\Sitecore.Foundation.SitecoreExtensions.csproj", "{B535703F-8D07-4F23-A533-2974BB4CC7B1}"
EndProject
Project("{2150E333-8FDC-42A3-9474-1A3956D46DE8}") = "Configuration", "Configuration", "{F347A85D-6FF5-4927-B5CF-54D81954E6A2}"
	ProjectSection(SolutionItems) = preProject
		.gitattributes = .gitattributes
		.gitignore = .gitignore
		gulp-config.js = gulp-config.js
		gulpfile.js = gulpfile.js
		LICENSE = LICENSE
		package.json = package.json
		package.xml = package.xml
		publishsettings.targets = publishsettings.targets
		README.md = README.md
		src\Project\Habitat\code\App_Config\Include\Project\z.Habitat.DevSettings.config = src\Project\Habitat\code\App_Config\Include\Project\z.Habitat.DevSettings.config
	EndProjectSection
EndProject
Project("{2150E333-8FDC-42A3-9474-1A3956D46DE8}") = "Feature", "Feature", "{755F9E42-1707-4E1A-AE6D-3FD8A25118C0}"
EndProject
Project("{FAE04EC0-301F-11D3-BF4B-00C04F79EFBC}") = "Sitecore.Foundation.Assets", "src\foundation\Assets\code\Sitecore.Foundation.Assets.csproj", "{7E46FF93-EE05-412C-AC47-2A59A13DA73C}"
EndProject
Project("{2150E333-8FDC-42A3-9474-1A3956D46DE8}") = "Foundation", "Foundation", "{D2CBE02E-6AA7-4343-9A01-891F971A17F5}"
EndProject
Project("{FAE04EC0-301F-11D3-BF4B-00C04F79EFBC}") = "Sitecore.Feature.News", "src\feature\News\code\Sitecore.Feature.News.csproj", "{1AAD6F22-9B6D-4688-8EA5-1AE7044031F7}"
EndProject
Project("{FAE04EC0-301F-11D3-BF4B-00C04F79EFBC}") = "Sitecore.Feature.Metadata", "src\feature\Metadata\code\Sitecore.Feature.Metadata.csproj", "{2BBD157C-AD28-4055-A208-48A2DA93BD04}"
EndProject
Project("{FAE04EC0-301F-11D3-BF4B-00C04F79EFBC}") = "Sitecore.Feature.Navigation", "src\feature\Navigation\code\Sitecore.Feature.Navigation.csproj", "{16003E7F-0FAF-4DEE-B13D-DD327E965A98}"
EndProject
Project("{FAE04EC0-301F-11D3-BF4B-00C04F79EFBC}") = "Sitecore.Feature.Social", "src\feature\Social\code\Sitecore.Feature.Social.csproj", "{B018C183-6976-4766-B2C0-0CBA4C064AED}"
EndProject
Project("{FAE04EC0-301F-11D3-BF4B-00C04F79EFBC}") = "Sitecore.Feature.Identity", "src\feature\Identity\code\Sitecore.Feature.Identity.csproj", "{0D0B809C-03AB-4EE1-898F-CFE28CF5B245}"
EndProject
Project("{FAE04EC0-301F-11D3-BF4B-00C04F79EFBC}") = "Sitecore.Feature.Search", "src\feature\Search\code\Sitecore.Feature.Search.csproj", "{55B9C026-E106-4185-8213-9CDD53B44E1B}"
EndProject
Project("{FAE04EC0-301F-11D3-BF4B-00C04F79EFBC}") = "Sitecore.Feature.Language", "src\feature\Language\code\Sitecore.Feature.Language.csproj", "{ACA65632-EE93-422B-B25E-8E31969694F5}"
EndProject
Project("{FAE04EC0-301F-11D3-BF4B-00C04F79EFBC}") = "Sitecore.Feature.Media", "src\feature\Media\code\Sitecore.Feature.Media.csproj", "{1417B162-F987-4CBD-8642-CA4C4119E705}"
EndProject
Project("{2150E333-8FDC-42A3-9474-1A3956D46DE8}") = "Project", "Project", "{9A8FD752-FF60-4789-8251-E1D8FF290F3F}"
EndProject
Project("{FAE04EC0-301F-11D3-BF4B-00C04F79EFBC}") = "Sitecore.Habitat.Website", "src\Project\Habitat\code\Sitecore.Habitat.Website.csproj", "{86CADB26-5817-46B6-88C7-76D5753722C3}"
EndProject
Project("{FAE04EC0-301F-11D3-BF4B-00C04F79EFBC}") = "Sitecore.Foundation.Serialization", "src\foundation\Serialization\code\Sitecore.Foundation.Serialization.csproj", "{007CD5DC-0030-460D-91A3-3DDEA9AB472F}"
EndProject
Project("{FAE04EC0-301F-11D3-BF4B-00C04F79EFBC}") = "Sitecore.Feature.Accounts", "src\feature\Accounts\code\Sitecore.Feature.Accounts.csproj", "{3F61C57D-50D9-4194-8196-EF5F7AA4CCE5}"
EndProject
Project("{FAE04EC0-301F-11D3-BF4B-00C04F79EFBC}") = "Sitecore.Foundation.Indexing", "src\foundation\Indexing\code\Sitecore.Foundation.Indexing.csproj", "{80213F24-577F-4F0B-A3B8-62485EA4D2F3}"
EndProject
Project("{FAE04EC0-301F-11D3-BF4B-00C04F79EFBC}") = "Sitecore.Feature.Teasers", "src\feature\Teasers\code\Sitecore.Feature.Teasers.csproj", "{64C1C1EF-71CB-47BD-92F9-4E50CE35BD9F}"
EndProject
Project("{FAE04EC0-301F-11D3-BF4B-00C04F79EFBC}") = "Sitecore.Feature.PageContent", "src\feature\PageContent\code\Sitecore.Feature.PageContent.csproj", "{DA079E95-DB53-4A66-AB35-2DAB71D19276}"
EndProject
Project("{2150E333-8FDC-42A3-9474-1A3956D46DE8}") = "Accounts", "Accounts", "{C7886F90-3A67-4889-8ACC-F07D42CFDBF0}"
EndProject
Project("{FAE04EC0-301F-11D3-BF4B-00C04F79EFBC}") = "Sitecore.Feature.Accounts.Tests", "src\feature\Accounts\tests\Sitecore.Feature.Accounts.Tests.csproj", "{0049EB56-74D3-4F39-B0CE-2295E0747F09}"
EndProject
Project("{2150E333-8FDC-42A3-9474-1A3956D46DE8}") = "Identity", "Identity", "{6F4B31B8-5677-448B-8A72-957E8AA47F52}"
EndProject
Project("{2150E333-8FDC-42A3-9474-1A3956D46DE8}") = "Language", "Language", "{3BB5C2EE-694B-49F4-989F-8484FD0A3F75}"
EndProject
Project("{2150E333-8FDC-42A3-9474-1A3956D46DE8}") = "Media", "Media", "{836F4115-EB6C-468A-AE65-6F123B0376E8}"
EndProject
Project("{2150E333-8FDC-42A3-9474-1A3956D46DE8}") = "Metadata", "Metadata", "{21824E62-1354-4760-A77F-08E55B9818A3}"
EndProject
Project("{2150E333-8FDC-42A3-9474-1A3956D46DE8}") = "Navigation", "Navigation", "{B9938A83-271F-4269-871B-A6DA15E476BD}"
EndProject
Project("{2150E333-8FDC-42A3-9474-1A3956D46DE8}") = "News", "News", "{049C2109-CF4F-4DD1-977D-92150C924E71}"
EndProject
Project("{2150E333-8FDC-42A3-9474-1A3956D46DE8}") = "PageContent", "PageContent", "{1EAC8CAC-9109-4A7A-9895-00248779A5D3}"
EndProject
Project("{2150E333-8FDC-42A3-9474-1A3956D46DE8}") = "Search", "Search", "{51628B90-7E96-4FAA-9556-D719548BE84D}"
EndProject
Project("{2150E333-8FDC-42A3-9474-1A3956D46DE8}") = "Social", "Social", "{F5F33FD2-3808-4C5C-9FAA-F1B07E339B66}"
EndProject
Project("{2150E333-8FDC-42A3-9474-1A3956D46DE8}") = "Teasers", "Teasers", "{8AE5D37C-D340-4D66-8BAE-48A7ED60BCE8}"
EndProject
Project("{FAE04EC0-301F-11D3-BF4B-00C04F79EFBC}") = "Sitecore.Feature.News.Tests", "src\feature\News\tests\Sitecore.Feature.News.Tests.csproj", "{ADF3A6FF-9E94-400D-8A03-DE9C3A778186}"
EndProject
Project("{FAE04EC0-301F-11D3-BF4B-00C04F79EFBC}") = "Sitecore.Feature.Search.Tests", "src\feature\Search\tests\Sitecore.Feature.Search.Tests.csproj", "{DD250492-DDBC-4236-B57B-42D673935F69}"
EndProject
Project("{2150E333-8FDC-42A3-9474-1A3956D46DE8}") = "Assets", "Assets", "{4CEA4907-CB04-49A7-869D-FE39C479DF58}"
EndProject
Project("{2150E333-8FDC-42A3-9474-1A3956D46DE8}") = "Indexing", "Indexing", "{641F22ED-9C6A-4ADA-A9E7-7CA6A67E39B1}"
EndProject
Project("{2150E333-8FDC-42A3-9474-1A3956D46DE8}") = "Serialization", "Serialization", "{BF8EAE6B-0DFD-45EC-A419-1EC760FE9E49}"
EndProject
Project("{2150E333-8FDC-42A3-9474-1A3956D46DE8}") = "SitecoreExtensions", "SitecoreExtensions", "{BE813EFD-133F-4BDE-AD25-A67D16A218CA}"
EndProject
Project("{FAE04EC0-301F-11D3-BF4B-00C04F79EFBC}") = "Sitecore.Foundation.Indexing.Tests", "src\foundation\Indexing\tests\Sitecore.Foundation.Indexing.Tests.csproj", "{3ECFDA25-B8AE-43F5-9CA9-4AFDF1F96901}"
EndProject
Project("{FAE04EC0-301F-11D3-BF4B-00C04F79EFBC}") = "Sitecore.Foundation.SitecoreExtensions.Tests", "src\foundation\SitecoreExtensions\tests\Sitecore.Foundation.SitecoreExtensions.Tests.csproj", "{85F735B7-9BEE-43C3-94DF-539CE267F0B9}"
EndProject
Project("{FAE04EC0-301F-11D3-BF4B-00C04F79EFBC}") = "Sitecore.Feature.Demo", "src\feature\Demo\code\Sitecore.Feature.Demo.csproj", "{4DD516F2-D9E5-4775-B840-E00A71DD7E87}"
EndProject
Project("{2150E333-8FDC-42A3-9474-1A3956D46DE8}") = "Demo", "Demo", "{CA21CE04-607F-4AF6-8A70-3F1E82C42B11}"
EndProject
Project("{2150E333-8FDC-42A3-9474-1A3956D46DE8}") = "Habitat", "Habitat", "{E5ADCE9F-29A4-42D7-A316-2A1AD6E23E3E}"
EndProject
Project("{2150E333-8FDC-42A3-9474-1A3956D46DE8}") = "Person", "Person", "{18A4B060-7586-4321-806B-0325FAA01373}"
EndProject
Project("{2150E333-8FDC-42A3-9474-1A3956D46DE8}") = "Installer", "Installer", "{F82B7F7C-BDA9-4204-97E1-456E406A251A}"
EndProject
Project("{FAE04EC0-301F-11D3-BF4B-00C04F79EFBC}") = "Sitecore.Foundation.Installer", "src\foundation\Installer\code\Sitecore.Foundation.Installer.csproj", "{622EBD86-43A5-4857-965C-1724F714012A}"
EndProject
Project("{FAE04EC0-301F-11D3-BF4B-00C04F79EFBC}") = "Sitecore.Foundation.Installer.Tests", "src\foundation\Installer\tests\Sitecore.Foundation.Installer.Tests.csproj", "{EDD5B894-28C3-4FB5-8A85-AFD9C2FD823D}"
EndProject
Project("{FAE04EC0-301F-11D3-BF4B-00C04F79EFBC}") = "Sitecore.Feature.Person", "src\Feature\Person\code\Sitecore.Feature.Person.csproj", "{452C63B5-6019-4EC2-9A9B-9B5DD3241485}"
EndProject
Project("{FAE04EC0-301F-11D3-BF4B-00C04F79EFBC}") = "Sitecore.Feature.Person.Tests", "src\Feature\Person\tests\Sitecore.Feature.Person.Tests.csproj", "{931B6ABB-1791-44F8-9727-4110FB59C961}"
EndProject
Project("{2150E333-8FDC-42A3-9474-1A3956D46DE8}") = "Theming", "Theming", "{F7F6C8C8-67C9-40D9-946F-62630C39102A}"
EndProject
Project("{FAE04EC0-301F-11D3-BF4B-00C04F79EFBC}") = "Sitecore.Foundation.Theming", "src\Foundation\Theming\code\Sitecore.Foundation.Theming.csproj", "{98DE0D1D-26F1-4CCA-847C-4E0FC2DBA5FC}"
EndProject
Project("{2150E333-8FDC-42A3-9474-1A3956D46DE8}") = "Common", "Common", "{5ABB37C0-E86D-4585-81D2-50A0E41ED859}"
EndProject
Project("{FAE04EC0-301F-11D3-BF4B-00C04F79EFBC}") = "Sitecore.Common.Website", "src\Project\Common\code\Sitecore.Common.Website.csproj", "{C98EAD78-4D83-4789-A621-6011C3D7314D}"
EndProject
Project("{FAE04EC0-301F-11D3-BF4B-00C04F79EFBC}") = "Sitecore.Demo.Website", "src\Project\Demo\code\Sitecore.Demo.Website.csproj", "{D584C2DC-7F5F-447A-831C-8C5A75277FAF}"
EndProject
Project("{2150E333-8FDC-42A3-9474-1A3956D46DE8}") = "Demo", "Demo", "{BC277CB0-BAA3-4C15-973F-3F9C10B77278}"
EndProject
Project("{2150E333-8FDC-42A3-9474-1A3956D46DE8}") = "Multisite", "Multisite", "{AC21E230-C263-4FE0-8614-D6783D1FFC86}"
EndProject
Project("{FAE04EC0-301F-11D3-BF4B-00C04F79EFBC}") = "Sitecore.Feature.MultiSite", "src\Feature\Multisite\code\Sitecore.Feature.MultiSite.csproj", "{64CB17EE-49BF-44A6-98F0-4F72EE89073B}"
EndProject
Project("{2150E333-8FDC-42A3-9474-1A3956D46DE8}") = "Multisite", "Multisite", "{FE63FBCC-D03E-4439-A428-028A6FF8B15A}"
EndProject
Project("{FAE04EC0-301F-11D3-BF4B-00C04F79EFBC}") = "Sitecore.Foundation.MultiSite", "src\Foundation\Multisite\code\Sitecore.Foundation.MultiSite.csproj", "{CFA2AE87-7F8D-4CA6-BB72-B16380190DB7}"
EndProject
Project("{FAE04EC0-301F-11D3-BF4B-00C04F79EFBC}") = "Sitecore.Feature.MultiSite.Tests", "src\Feature\Multisite\tests\Sitecore.Feature.MultiSite.Tests.csproj", "{B2D57490-58A9-4F73-A34E-B4076713F712}"
EndProject
Project("{FAE04EC0-301F-11D3-BF4B-00C04F79EFBC}") = "Sitecore.Foundation.MultiSite.Tests", "src\Foundation\Multisite\tests\Sitecore.Foundation.MultiSite.Tests.csproj", "{57295D42-6C03-455B-8202-12AEAF233677}"
EndProject
Project("{2150E333-8FDC-42A3-9474-1A3956D46DE8}") = "specs", "specs", "{AE1154F1-2C89-4AEC-B7B3-1902D73F037C}"
EndProject
Project("{FAE04EC0-301F-11D3-BF4B-00C04F79EFBC}") = "Sitecore.Foundation.Testing.Specflow", "src\Project\Habitat\specs\Common\Sitecore.Foundation.Testing.Specflow.csproj", "{E0C9AF4F-FC51-42E6-B7B9-1E173AC0589D}"
EndProject
Project("{FAE04EC0-301F-11D3-BF4B-00C04F79EFBC}") = "Sitecore.Feature.Accounts.Specflow", "src\Project\Habitat\specs\Feature.Accounts\Sitecore.Feature.Accounts.Specflow.csproj", "{CF95188D-0E98-44FA-BB40-D1EA083A09FB}"
EndProject
Project("{FAE04EC0-301F-11D3-BF4B-00C04F79EFBC}") = "Sitecore.Feature.Demo.Specflow", "src\Project\Habitat\specs\Feature.Demo\Sitecore.Feature.Demo.Specflow.csproj", "{DA6D2488-72D8-4D4F-8528-8CF91789E577}"
EndProject
Project("{FAE04EC0-301F-11D3-BF4B-00C04F79EFBC}") = "Sitecore.Feature.Media.Specflow", "src\Project\Habitat\specs\Feature.Media\Sitecore.Feature.Media.Specflow.csproj", "{98EDAD96-F400-4898-AA14-F63327D17F18}"
EndProject
Project("{FAE04EC0-301F-11D3-BF4B-00C04F79EFBC}") = "Sitecore.Feature.News.Specflow", "src\Project\Habitat\specs\Feature.News\Sitecore.Feature.News.Specflow.csproj", "{5B22786A-92C7-4F00-B678-A0A9A5B6E554}"
EndProject
Project("{FAE04EC0-301F-11D3-BF4B-00C04F79EFBC}") = "Sitecore.Feature.Person.Specflow", "src\Project\Habitat\specs\Feature.Person\Sitecore.Feature.Person.Specflow.csproj", "{75491645-7E1B-4E96-B31F-60FDE4DB1694}"
EndProject
Project("{FAE04EC0-301F-11D3-BF4B-00C04F79EFBC}") = "Sitecore.Feature.Search.Specflow", "src\Project\Habitat\specs\Feature.Search\Sitecore.Feature.Search.Specflow.csproj", "{029A386B-9895-4127-A6D3-416EED3D5B16}"
EndProject
Project("{FAE04EC0-301F-11D3-BF4B-00C04F79EFBC}") = "Sitecore.Feature.Social.Specflow", "src\Project\Habitat\specs\Feature.Social\Sitecore.Feature.Social.Specflow.csproj", "{5E3D01C4-286E-4AD0-96C3-74D0993F890F}"
EndProject
Project("{FAE04EC0-301F-11D3-BF4B-00C04F79EFBC}") = "Sitecore.Foundation.MultiSite.Specflow", "src\Project\Habitat\specs\Foundation.Multisite\Sitecore.Foundation.MultiSite.Specflow.csproj", "{48C6666C-8509-424A-A191-39855878E5C8}"
EndProject
Project("{FAE04EC0-301F-11D3-BF4B-00C04F79EFBC}") = "UnitTests.Common", "src\Common\tests\UnitTests.Common.csproj", "{7CC3D72B-4518-4B78-BE48-630A263C0F5B}"
EndProject
Project("{FAE04EC0-301F-11D3-BF4B-00C04F79EFBC}") = "Sitecore.Habitat.Website.Specflow", "src\Project\Habitat\specs\Habitat.Website\Sitecore.Habitat.Website.Specflow.csproj", "{47B8566D-0BA3-4427-81DB-38C7BBE38768}"
EndProject
Global
	GlobalSection(SolutionConfigurationPlatforms) = preSolution
		Debug|Any CPU = Debug|Any CPU
		Debug|x64 = Debug|x64
		Release|Any CPU = Release|Any CPU
		Release|x64 = Release|x64
	EndGlobalSection
	GlobalSection(ProjectConfigurationPlatforms) = postSolution
		{B535703F-8D07-4F23-A533-2974BB4CC7B1}.Debug|Any CPU.ActiveCfg = Debug|Any CPU
		{B535703F-8D07-4F23-A533-2974BB4CC7B1}.Debug|Any CPU.Build.0 = Debug|Any CPU
		{B535703F-8D07-4F23-A533-2974BB4CC7B1}.Debug|x64.ActiveCfg = Debug|Any CPU
		{B535703F-8D07-4F23-A533-2974BB4CC7B1}.Debug|x64.Build.0 = Debug|Any CPU
		{B535703F-8D07-4F23-A533-2974BB4CC7B1}.Release|Any CPU.ActiveCfg = Release|Any CPU
		{B535703F-8D07-4F23-A533-2974BB4CC7B1}.Release|Any CPU.Build.0 = Release|Any CPU
		{B535703F-8D07-4F23-A533-2974BB4CC7B1}.Release|x64.ActiveCfg = Release|Any CPU
		{B535703F-8D07-4F23-A533-2974BB4CC7B1}.Release|x64.Build.0 = Release|Any CPU
		{7E46FF93-EE05-412C-AC47-2A59A13DA73C}.Debug|Any CPU.ActiveCfg = Debug|Any CPU
		{7E46FF93-EE05-412C-AC47-2A59A13DA73C}.Debug|Any CPU.Build.0 = Debug|Any CPU
		{7E46FF93-EE05-412C-AC47-2A59A13DA73C}.Debug|x64.ActiveCfg = Debug|Any CPU
		{7E46FF93-EE05-412C-AC47-2A59A13DA73C}.Debug|x64.Build.0 = Debug|Any CPU
		{7E46FF93-EE05-412C-AC47-2A59A13DA73C}.Release|Any CPU.ActiveCfg = Release|Any CPU
		{7E46FF93-EE05-412C-AC47-2A59A13DA73C}.Release|Any CPU.Build.0 = Release|Any CPU
		{7E46FF93-EE05-412C-AC47-2A59A13DA73C}.Release|x64.ActiveCfg = Release|Any CPU
		{7E46FF93-EE05-412C-AC47-2A59A13DA73C}.Release|x64.Build.0 = Release|Any CPU
		{1AAD6F22-9B6D-4688-8EA5-1AE7044031F7}.Debug|Any CPU.ActiveCfg = Debug|Any CPU
		{1AAD6F22-9B6D-4688-8EA5-1AE7044031F7}.Debug|Any CPU.Build.0 = Debug|Any CPU
		{1AAD6F22-9B6D-4688-8EA5-1AE7044031F7}.Debug|x64.ActiveCfg = Debug|Any CPU
		{1AAD6F22-9B6D-4688-8EA5-1AE7044031F7}.Debug|x64.Build.0 = Debug|Any CPU
		{1AAD6F22-9B6D-4688-8EA5-1AE7044031F7}.Release|Any CPU.ActiveCfg = Release|Any CPU
		{1AAD6F22-9B6D-4688-8EA5-1AE7044031F7}.Release|Any CPU.Build.0 = Release|Any CPU
		{1AAD6F22-9B6D-4688-8EA5-1AE7044031F7}.Release|x64.ActiveCfg = Release|Any CPU
		{1AAD6F22-9B6D-4688-8EA5-1AE7044031F7}.Release|x64.Build.0 = Release|Any CPU
		{2BBD157C-AD28-4055-A208-48A2DA93BD04}.Debug|Any CPU.ActiveCfg = Debug|Any CPU
		{2BBD157C-AD28-4055-A208-48A2DA93BD04}.Debug|Any CPU.Build.0 = Debug|Any CPU
		{2BBD157C-AD28-4055-A208-48A2DA93BD04}.Debug|x64.ActiveCfg = Debug|Any CPU
		{2BBD157C-AD28-4055-A208-48A2DA93BD04}.Debug|x64.Build.0 = Debug|Any CPU
		{2BBD157C-AD28-4055-A208-48A2DA93BD04}.Release|Any CPU.ActiveCfg = Release|Any CPU
		{2BBD157C-AD28-4055-A208-48A2DA93BD04}.Release|Any CPU.Build.0 = Release|Any CPU
		{2BBD157C-AD28-4055-A208-48A2DA93BD04}.Release|x64.ActiveCfg = Release|Any CPU
		{2BBD157C-AD28-4055-A208-48A2DA93BD04}.Release|x64.Build.0 = Release|Any CPU
		{16003E7F-0FAF-4DEE-B13D-DD327E965A98}.Debug|Any CPU.ActiveCfg = Debug|Any CPU
		{16003E7F-0FAF-4DEE-B13D-DD327E965A98}.Debug|Any CPU.Build.0 = Debug|Any CPU
		{16003E7F-0FAF-4DEE-B13D-DD327E965A98}.Debug|x64.ActiveCfg = Debug|Any CPU
		{16003E7F-0FAF-4DEE-B13D-DD327E965A98}.Debug|x64.Build.0 = Debug|Any CPU
		{16003E7F-0FAF-4DEE-B13D-DD327E965A98}.Release|Any CPU.ActiveCfg = Release|Any CPU
		{16003E7F-0FAF-4DEE-B13D-DD327E965A98}.Release|Any CPU.Build.0 = Release|Any CPU
		{16003E7F-0FAF-4DEE-B13D-DD327E965A98}.Release|x64.ActiveCfg = Release|Any CPU
		{16003E7F-0FAF-4DEE-B13D-DD327E965A98}.Release|x64.Build.0 = Release|Any CPU
		{B018C183-6976-4766-B2C0-0CBA4C064AED}.Debug|Any CPU.ActiveCfg = Debug|Any CPU
		{B018C183-6976-4766-B2C0-0CBA4C064AED}.Debug|Any CPU.Build.0 = Debug|Any CPU
		{B018C183-6976-4766-B2C0-0CBA4C064AED}.Debug|x64.ActiveCfg = Debug|Any CPU
		{B018C183-6976-4766-B2C0-0CBA4C064AED}.Debug|x64.Build.0 = Debug|Any CPU
		{B018C183-6976-4766-B2C0-0CBA4C064AED}.Release|Any CPU.ActiveCfg = Release|Any CPU
		{B018C183-6976-4766-B2C0-0CBA4C064AED}.Release|Any CPU.Build.0 = Release|Any CPU
		{B018C183-6976-4766-B2C0-0CBA4C064AED}.Release|x64.ActiveCfg = Release|Any CPU
		{B018C183-6976-4766-B2C0-0CBA4C064AED}.Release|x64.Build.0 = Release|Any CPU
		{0D0B809C-03AB-4EE1-898F-CFE28CF5B245}.Debug|Any CPU.ActiveCfg = Debug|Any CPU
		{0D0B809C-03AB-4EE1-898F-CFE28CF5B245}.Debug|Any CPU.Build.0 = Debug|Any CPU
		{0D0B809C-03AB-4EE1-898F-CFE28CF5B245}.Debug|x64.ActiveCfg = Debug|Any CPU
		{0D0B809C-03AB-4EE1-898F-CFE28CF5B245}.Debug|x64.Build.0 = Debug|Any CPU
		{0D0B809C-03AB-4EE1-898F-CFE28CF5B245}.Release|Any CPU.ActiveCfg = Release|Any CPU
		{0D0B809C-03AB-4EE1-898F-CFE28CF5B245}.Release|Any CPU.Build.0 = Release|Any CPU
		{0D0B809C-03AB-4EE1-898F-CFE28CF5B245}.Release|x64.ActiveCfg = Release|Any CPU
		{0D0B809C-03AB-4EE1-898F-CFE28CF5B245}.Release|x64.Build.0 = Release|Any CPU
		{55B9C026-E106-4185-8213-9CDD53B44E1B}.Debug|Any CPU.ActiveCfg = Debug|Any CPU
		{55B9C026-E106-4185-8213-9CDD53B44E1B}.Debug|Any CPU.Build.0 = Debug|Any CPU
		{55B9C026-E106-4185-8213-9CDD53B44E1B}.Debug|x64.ActiveCfg = Debug|Any CPU
		{55B9C026-E106-4185-8213-9CDD53B44E1B}.Release|Any CPU.ActiveCfg = Release|Any CPU
		{55B9C026-E106-4185-8213-9CDD53B44E1B}.Release|Any CPU.Build.0 = Release|Any CPU
		{55B9C026-E106-4185-8213-9CDD53B44E1B}.Release|x64.ActiveCfg = Release|Any CPU
		{ACA65632-EE93-422B-B25E-8E31969694F5}.Debug|Any CPU.ActiveCfg = Debug|Any CPU
		{ACA65632-EE93-422B-B25E-8E31969694F5}.Debug|Any CPU.Build.0 = Debug|Any CPU
		{ACA65632-EE93-422B-B25E-8E31969694F5}.Debug|x64.ActiveCfg = Debug|Any CPU
		{ACA65632-EE93-422B-B25E-8E31969694F5}.Debug|x64.Build.0 = Debug|Any CPU
		{ACA65632-EE93-422B-B25E-8E31969694F5}.Release|Any CPU.ActiveCfg = Release|Any CPU
		{ACA65632-EE93-422B-B25E-8E31969694F5}.Release|Any CPU.Build.0 = Release|Any CPU
		{ACA65632-EE93-422B-B25E-8E31969694F5}.Release|x64.ActiveCfg = Release|Any CPU
		{ACA65632-EE93-422B-B25E-8E31969694F5}.Release|x64.Build.0 = Release|Any CPU
		{1417B162-F987-4CBD-8642-CA4C4119E705}.Debug|Any CPU.ActiveCfg = Debug|Any CPU
		{1417B162-F987-4CBD-8642-CA4C4119E705}.Debug|Any CPU.Build.0 = Debug|Any CPU
		{1417B162-F987-4CBD-8642-CA4C4119E705}.Debug|x64.ActiveCfg = Debug|Any CPU
		{1417B162-F987-4CBD-8642-CA4C4119E705}.Debug|x64.Build.0 = Debug|Any CPU
		{1417B162-F987-4CBD-8642-CA4C4119E705}.Release|Any CPU.ActiveCfg = Release|Any CPU
		{1417B162-F987-4CBD-8642-CA4C4119E705}.Release|Any CPU.Build.0 = Release|Any CPU
		{1417B162-F987-4CBD-8642-CA4C4119E705}.Release|x64.ActiveCfg = Release|Any CPU
		{1417B162-F987-4CBD-8642-CA4C4119E705}.Release|x64.Build.0 = Release|Any CPU
		{86CADB26-5817-46B6-88C7-76D5753722C3}.Debug|Any CPU.ActiveCfg = Debug|Any CPU
		{86CADB26-5817-46B6-88C7-76D5753722C3}.Debug|Any CPU.Build.0 = Debug|Any CPU
		{86CADB26-5817-46B6-88C7-76D5753722C3}.Debug|x64.ActiveCfg = Debug|Any CPU
		{86CADB26-5817-46B6-88C7-76D5753722C3}.Debug|x64.Build.0 = Debug|Any CPU
		{86CADB26-5817-46B6-88C7-76D5753722C3}.Release|Any CPU.ActiveCfg = Release|Any CPU
		{86CADB26-5817-46B6-88C7-76D5753722C3}.Release|Any CPU.Build.0 = Release|Any CPU
		{86CADB26-5817-46B6-88C7-76D5753722C3}.Release|x64.ActiveCfg = Release|Any CPU
		{86CADB26-5817-46B6-88C7-76D5753722C3}.Release|x64.Build.0 = Release|Any CPU
		{007CD5DC-0030-460D-91A3-3DDEA9AB472F}.Debug|Any CPU.ActiveCfg = Debug|Any CPU
		{007CD5DC-0030-460D-91A3-3DDEA9AB472F}.Debug|Any CPU.Build.0 = Debug|Any CPU
		{007CD5DC-0030-460D-91A3-3DDEA9AB472F}.Debug|x64.ActiveCfg = Debug|Any CPU
		{007CD5DC-0030-460D-91A3-3DDEA9AB472F}.Debug|x64.Build.0 = Debug|Any CPU
		{007CD5DC-0030-460D-91A3-3DDEA9AB472F}.Release|Any CPU.ActiveCfg = Release|Any CPU
		{007CD5DC-0030-460D-91A3-3DDEA9AB472F}.Release|Any CPU.Build.0 = Release|Any CPU
		{007CD5DC-0030-460D-91A3-3DDEA9AB472F}.Release|x64.ActiveCfg = Release|Any CPU
		{007CD5DC-0030-460D-91A3-3DDEA9AB472F}.Release|x64.Build.0 = Release|Any CPU
		{3F61C57D-50D9-4194-8196-EF5F7AA4CCE5}.Debug|Any CPU.ActiveCfg = Debug|Any CPU
		{3F61C57D-50D9-4194-8196-EF5F7AA4CCE5}.Debug|Any CPU.Build.0 = Debug|Any CPU
		{3F61C57D-50D9-4194-8196-EF5F7AA4CCE5}.Debug|x64.ActiveCfg = Debug|Any CPU
		{3F61C57D-50D9-4194-8196-EF5F7AA4CCE5}.Debug|x64.Build.0 = Debug|Any CPU
		{3F61C57D-50D9-4194-8196-EF5F7AA4CCE5}.Release|Any CPU.ActiveCfg = Release|Any CPU
		{3F61C57D-50D9-4194-8196-EF5F7AA4CCE5}.Release|Any CPU.Build.0 = Release|Any CPU
		{3F61C57D-50D9-4194-8196-EF5F7AA4CCE5}.Release|x64.ActiveCfg = Release|Any CPU
		{3F61C57D-50D9-4194-8196-EF5F7AA4CCE5}.Release|x64.Build.0 = Release|Any CPU
		{80213F24-577F-4F0B-A3B8-62485EA4D2F3}.Debug|Any CPU.ActiveCfg = Debug|Any CPU
		{80213F24-577F-4F0B-A3B8-62485EA4D2F3}.Debug|Any CPU.Build.0 = Debug|Any CPU
		{80213F24-577F-4F0B-A3B8-62485EA4D2F3}.Debug|x64.ActiveCfg = Debug|Any CPU
		{80213F24-577F-4F0B-A3B8-62485EA4D2F3}.Debug|x64.Build.0 = Debug|Any CPU
		{80213F24-577F-4F0B-A3B8-62485EA4D2F3}.Release|Any CPU.ActiveCfg = Release|Any CPU
		{80213F24-577F-4F0B-A3B8-62485EA4D2F3}.Release|Any CPU.Build.0 = Release|Any CPU
		{80213F24-577F-4F0B-A3B8-62485EA4D2F3}.Release|x64.ActiveCfg = Release|Any CPU
		{80213F24-577F-4F0B-A3B8-62485EA4D2F3}.Release|x64.Build.0 = Release|Any CPU
		{64C1C1EF-71CB-47BD-92F9-4E50CE35BD9F}.Debug|Any CPU.ActiveCfg = Debug|Any CPU
		{64C1C1EF-71CB-47BD-92F9-4E50CE35BD9F}.Debug|Any CPU.Build.0 = Debug|Any CPU
		{64C1C1EF-71CB-47BD-92F9-4E50CE35BD9F}.Debug|x64.ActiveCfg = Debug|Any CPU
		{64C1C1EF-71CB-47BD-92F9-4E50CE35BD9F}.Debug|x64.Build.0 = Debug|Any CPU
		{64C1C1EF-71CB-47BD-92F9-4E50CE35BD9F}.Release|Any CPU.ActiveCfg = Release|Any CPU
		{64C1C1EF-71CB-47BD-92F9-4E50CE35BD9F}.Release|Any CPU.Build.0 = Release|Any CPU
		{64C1C1EF-71CB-47BD-92F9-4E50CE35BD9F}.Release|x64.ActiveCfg = Release|Any CPU
		{64C1C1EF-71CB-47BD-92F9-4E50CE35BD9F}.Release|x64.Build.0 = Release|Any CPU
		{DA079E95-DB53-4A66-AB35-2DAB71D19276}.Debug|Any CPU.ActiveCfg = Debug|Any CPU
		{DA079E95-DB53-4A66-AB35-2DAB71D19276}.Debug|Any CPU.Build.0 = Debug|Any CPU
		{DA079E95-DB53-4A66-AB35-2DAB71D19276}.Debug|x64.ActiveCfg = Debug|Any CPU
		{DA079E95-DB53-4A66-AB35-2DAB71D19276}.Debug|x64.Build.0 = Debug|Any CPU
		{DA079E95-DB53-4A66-AB35-2DAB71D19276}.Release|Any CPU.ActiveCfg = Release|Any CPU
		{DA079E95-DB53-4A66-AB35-2DAB71D19276}.Release|Any CPU.Build.0 = Release|Any CPU
		{DA079E95-DB53-4A66-AB35-2DAB71D19276}.Release|x64.ActiveCfg = Release|Any CPU
		{DA079E95-DB53-4A66-AB35-2DAB71D19276}.Release|x64.Build.0 = Release|Any CPU
		{0049EB56-74D3-4F39-B0CE-2295E0747F09}.Debug|Any CPU.ActiveCfg = Debug|Any CPU
		{0049EB56-74D3-4F39-B0CE-2295E0747F09}.Debug|Any CPU.Build.0 = Debug|Any CPU
		{0049EB56-74D3-4F39-B0CE-2295E0747F09}.Debug|x64.ActiveCfg = Debug|Any CPU
		{0049EB56-74D3-4F39-B0CE-2295E0747F09}.Debug|x64.Build.0 = Debug|Any CPU
		{0049EB56-74D3-4F39-B0CE-2295E0747F09}.Release|Any CPU.ActiveCfg = Release|Any CPU
		{0049EB56-74D3-4F39-B0CE-2295E0747F09}.Release|Any CPU.Build.0 = Release|Any CPU
		{0049EB56-74D3-4F39-B0CE-2295E0747F09}.Release|x64.ActiveCfg = Release|Any CPU
		{0049EB56-74D3-4F39-B0CE-2295E0747F09}.Release|x64.Build.0 = Release|Any CPU
		{ADF3A6FF-9E94-400D-8A03-DE9C3A778186}.Debug|Any CPU.ActiveCfg = Debug|Any CPU
		{ADF3A6FF-9E94-400D-8A03-DE9C3A778186}.Debug|Any CPU.Build.0 = Debug|Any CPU
		{ADF3A6FF-9E94-400D-8A03-DE9C3A778186}.Debug|x64.ActiveCfg = Debug|Any CPU
		{ADF3A6FF-9E94-400D-8A03-DE9C3A778186}.Debug|x64.Build.0 = Debug|Any CPU
		{ADF3A6FF-9E94-400D-8A03-DE9C3A778186}.Release|Any CPU.ActiveCfg = Release|Any CPU
		{ADF3A6FF-9E94-400D-8A03-DE9C3A778186}.Release|Any CPU.Build.0 = Release|Any CPU
		{ADF3A6FF-9E94-400D-8A03-DE9C3A778186}.Release|x64.ActiveCfg = Release|Any CPU
		{ADF3A6FF-9E94-400D-8A03-DE9C3A778186}.Release|x64.Build.0 = Release|Any CPU
		{DD250492-DDBC-4236-B57B-42D673935F69}.Debug|Any CPU.ActiveCfg = Debug|Any CPU
		{DD250492-DDBC-4236-B57B-42D673935F69}.Debug|Any CPU.Build.0 = Debug|Any CPU
		{DD250492-DDBC-4236-B57B-42D673935F69}.Debug|x64.ActiveCfg = Debug|Any CPU
		{DD250492-DDBC-4236-B57B-42D673935F69}.Debug|x64.Build.0 = Debug|Any CPU
		{DD250492-DDBC-4236-B57B-42D673935F69}.Release|Any CPU.ActiveCfg = Release|Any CPU
		{DD250492-DDBC-4236-B57B-42D673935F69}.Release|Any CPU.Build.0 = Release|Any CPU
		{DD250492-DDBC-4236-B57B-42D673935F69}.Release|x64.ActiveCfg = Release|Any CPU
		{DD250492-DDBC-4236-B57B-42D673935F69}.Release|x64.Build.0 = Release|Any CPU
		{3ECFDA25-B8AE-43F5-9CA9-4AFDF1F96901}.Debug|Any CPU.ActiveCfg = Debug|Any CPU
		{3ECFDA25-B8AE-43F5-9CA9-4AFDF1F96901}.Debug|Any CPU.Build.0 = Debug|Any CPU
		{3ECFDA25-B8AE-43F5-9CA9-4AFDF1F96901}.Debug|x64.ActiveCfg = Debug|Any CPU
		{3ECFDA25-B8AE-43F5-9CA9-4AFDF1F96901}.Debug|x64.Build.0 = Debug|Any CPU
		{3ECFDA25-B8AE-43F5-9CA9-4AFDF1F96901}.Release|Any CPU.ActiveCfg = Release|Any CPU
		{3ECFDA25-B8AE-43F5-9CA9-4AFDF1F96901}.Release|Any CPU.Build.0 = Release|Any CPU
		{3ECFDA25-B8AE-43F5-9CA9-4AFDF1F96901}.Release|x64.ActiveCfg = Release|Any CPU
		{3ECFDA25-B8AE-43F5-9CA9-4AFDF1F96901}.Release|x64.Build.0 = Release|Any CPU
		{85F735B7-9BEE-43C3-94DF-539CE267F0B9}.Debug|Any CPU.ActiveCfg = Debug|Any CPU
		{85F735B7-9BEE-43C3-94DF-539CE267F0B9}.Debug|Any CPU.Build.0 = Debug|Any CPU
		{85F735B7-9BEE-43C3-94DF-539CE267F0B9}.Debug|x64.ActiveCfg = Debug|Any CPU
		{85F735B7-9BEE-43C3-94DF-539CE267F0B9}.Debug|x64.Build.0 = Debug|Any CPU
		{85F735B7-9BEE-43C3-94DF-539CE267F0B9}.Release|Any CPU.ActiveCfg = Release|Any CPU
		{85F735B7-9BEE-43C3-94DF-539CE267F0B9}.Release|Any CPU.Build.0 = Release|Any CPU
		{85F735B7-9BEE-43C3-94DF-539CE267F0B9}.Release|x64.ActiveCfg = Release|Any CPU
		{85F735B7-9BEE-43C3-94DF-539CE267F0B9}.Release|x64.Build.0 = Release|Any CPU
		{4DD516F2-D9E5-4775-B840-E00A71DD7E87}.Debug|Any CPU.ActiveCfg = Debug|Any CPU
		{4DD516F2-D9E5-4775-B840-E00A71DD7E87}.Debug|Any CPU.Build.0 = Debug|Any CPU
		{4DD516F2-D9E5-4775-B840-E00A71DD7E87}.Debug|x64.ActiveCfg = Debug|Any CPU
		{4DD516F2-D9E5-4775-B840-E00A71DD7E87}.Debug|x64.Build.0 = Debug|Any CPU
		{4DD516F2-D9E5-4775-B840-E00A71DD7E87}.Release|Any CPU.ActiveCfg = Release|Any CPU
		{4DD516F2-D9E5-4775-B840-E00A71DD7E87}.Release|Any CPU.Build.0 = Release|Any CPU
		{4DD516F2-D9E5-4775-B840-E00A71DD7E87}.Release|x64.ActiveCfg = Release|Any CPU
		{4DD516F2-D9E5-4775-B840-E00A71DD7E87}.Release|x64.Build.0 = Release|Any CPU
		{622EBD86-43A5-4857-965C-1724F714012A}.Debug|Any CPU.ActiveCfg = Debug|Any CPU
		{622EBD86-43A5-4857-965C-1724F714012A}.Debug|Any CPU.Build.0 = Debug|Any CPU
		{622EBD86-43A5-4857-965C-1724F714012A}.Debug|x64.ActiveCfg = Debug|Any CPU
		{622EBD86-43A5-4857-965C-1724F714012A}.Debug|x64.Build.0 = Debug|Any CPU
		{622EBD86-43A5-4857-965C-1724F714012A}.Release|Any CPU.ActiveCfg = Release|Any CPU
		{622EBD86-43A5-4857-965C-1724F714012A}.Release|Any CPU.Build.0 = Release|Any CPU
		{622EBD86-43A5-4857-965C-1724F714012A}.Release|x64.ActiveCfg = Release|Any CPU
		{622EBD86-43A5-4857-965C-1724F714012A}.Release|x64.Build.0 = Release|Any CPU
		{EDD5B894-28C3-4FB5-8A85-AFD9C2FD823D}.Debug|Any CPU.ActiveCfg = Debug|Any CPU
		{EDD5B894-28C3-4FB5-8A85-AFD9C2FD823D}.Debug|Any CPU.Build.0 = Debug|Any CPU
		{EDD5B894-28C3-4FB5-8A85-AFD9C2FD823D}.Debug|x64.ActiveCfg = Debug|Any CPU
		{EDD5B894-28C3-4FB5-8A85-AFD9C2FD823D}.Debug|x64.Build.0 = Debug|Any CPU
		{EDD5B894-28C3-4FB5-8A85-AFD9C2FD823D}.Release|Any CPU.ActiveCfg = Release|Any CPU
		{EDD5B894-28C3-4FB5-8A85-AFD9C2FD823D}.Release|Any CPU.Build.0 = Release|Any CPU
		{EDD5B894-28C3-4FB5-8A85-AFD9C2FD823D}.Release|x64.ActiveCfg = Release|Any CPU
		{EDD5B894-28C3-4FB5-8A85-AFD9C2FD823D}.Release|x64.Build.0 = Release|Any CPU
		{452C63B5-6019-4EC2-9A9B-9B5DD3241485}.Debug|Any CPU.ActiveCfg = Debug|Any CPU
		{452C63B5-6019-4EC2-9A9B-9B5DD3241485}.Debug|Any CPU.Build.0 = Debug|Any CPU
		{452C63B5-6019-4EC2-9A9B-9B5DD3241485}.Debug|x64.ActiveCfg = Debug|Any CPU
		{452C63B5-6019-4EC2-9A9B-9B5DD3241485}.Debug|x64.Build.0 = Debug|Any CPU
		{452C63B5-6019-4EC2-9A9B-9B5DD3241485}.Release|Any CPU.ActiveCfg = Release|Any CPU
		{452C63B5-6019-4EC2-9A9B-9B5DD3241485}.Release|Any CPU.Build.0 = Release|Any CPU
		{452C63B5-6019-4EC2-9A9B-9B5DD3241485}.Release|x64.ActiveCfg = Release|Any CPU
		{452C63B5-6019-4EC2-9A9B-9B5DD3241485}.Release|x64.Build.0 = Release|Any CPU
		{931B6ABB-1791-44F8-9727-4110FB59C961}.Debug|Any CPU.ActiveCfg = Debug|Any CPU
		{931B6ABB-1791-44F8-9727-4110FB59C961}.Debug|Any CPU.Build.0 = Debug|Any CPU
		{931B6ABB-1791-44F8-9727-4110FB59C961}.Debug|x64.ActiveCfg = Debug|Any CPU
		{931B6ABB-1791-44F8-9727-4110FB59C961}.Debug|x64.Build.0 = Debug|Any CPU
		{931B6ABB-1791-44F8-9727-4110FB59C961}.Release|Any CPU.ActiveCfg = Release|Any CPU
		{931B6ABB-1791-44F8-9727-4110FB59C961}.Release|Any CPU.Build.0 = Release|Any CPU
		{931B6ABB-1791-44F8-9727-4110FB59C961}.Release|x64.ActiveCfg = Release|Any CPU
		{931B6ABB-1791-44F8-9727-4110FB59C961}.Release|x64.Build.0 = Release|Any CPU
		{98DE0D1D-26F1-4CCA-847C-4E0FC2DBA5FC}.Debug|Any CPU.ActiveCfg = Debug|Any CPU
		{98DE0D1D-26F1-4CCA-847C-4E0FC2DBA5FC}.Debug|Any CPU.Build.0 = Debug|Any CPU
		{98DE0D1D-26F1-4CCA-847C-4E0FC2DBA5FC}.Debug|x64.ActiveCfg = Debug|Any CPU
		{98DE0D1D-26F1-4CCA-847C-4E0FC2DBA5FC}.Debug|x64.Build.0 = Debug|Any CPU
		{98DE0D1D-26F1-4CCA-847C-4E0FC2DBA5FC}.Release|Any CPU.ActiveCfg = Release|Any CPU
		{98DE0D1D-26F1-4CCA-847C-4E0FC2DBA5FC}.Release|Any CPU.Build.0 = Release|Any CPU
		{98DE0D1D-26F1-4CCA-847C-4E0FC2DBA5FC}.Release|x64.ActiveCfg = Release|Any CPU
		{98DE0D1D-26F1-4CCA-847C-4E0FC2DBA5FC}.Release|x64.Build.0 = Release|Any CPU
		{C98EAD78-4D83-4789-A621-6011C3D7314D}.Debug|Any CPU.ActiveCfg = Debug|Any CPU
		{C98EAD78-4D83-4789-A621-6011C3D7314D}.Debug|Any CPU.Build.0 = Debug|Any CPU
		{C98EAD78-4D83-4789-A621-6011C3D7314D}.Debug|x64.ActiveCfg = Debug|Any CPU
		{C98EAD78-4D83-4789-A621-6011C3D7314D}.Debug|x64.Build.0 = Debug|Any CPU
		{C98EAD78-4D83-4789-A621-6011C3D7314D}.Release|Any CPU.ActiveCfg = Release|Any CPU
		{C98EAD78-4D83-4789-A621-6011C3D7314D}.Release|Any CPU.Build.0 = Release|Any CPU
		{C98EAD78-4D83-4789-A621-6011C3D7314D}.Release|x64.ActiveCfg = Release|Any CPU
		{C98EAD78-4D83-4789-A621-6011C3D7314D}.Release|x64.Build.0 = Release|Any CPU
		{D584C2DC-7F5F-447A-831C-8C5A75277FAF}.Debug|Any CPU.ActiveCfg = Debug|Any CPU
		{D584C2DC-7F5F-447A-831C-8C5A75277FAF}.Debug|Any CPU.Build.0 = Debug|Any CPU
		{D584C2DC-7F5F-447A-831C-8C5A75277FAF}.Debug|x64.ActiveCfg = Debug|Any CPU
		{D584C2DC-7F5F-447A-831C-8C5A75277FAF}.Debug|x64.Build.0 = Debug|Any CPU
		{D584C2DC-7F5F-447A-831C-8C5A75277FAF}.Release|Any CPU.ActiveCfg = Release|Any CPU
		{D584C2DC-7F5F-447A-831C-8C5A75277FAF}.Release|Any CPU.Build.0 = Release|Any CPU
		{D584C2DC-7F5F-447A-831C-8C5A75277FAF}.Release|x64.ActiveCfg = Release|Any CPU
		{D584C2DC-7F5F-447A-831C-8C5A75277FAF}.Release|x64.Build.0 = Release|Any CPU
		{64CB17EE-49BF-44A6-98F0-4F72EE89073B}.Debug|Any CPU.ActiveCfg = Debug|Any CPU
		{64CB17EE-49BF-44A6-98F0-4F72EE89073B}.Debug|Any CPU.Build.0 = Debug|Any CPU
		{64CB17EE-49BF-44A6-98F0-4F72EE89073B}.Debug|x64.ActiveCfg = Debug|Any CPU
		{64CB17EE-49BF-44A6-98F0-4F72EE89073B}.Debug|x64.Build.0 = Debug|Any CPU
		{64CB17EE-49BF-44A6-98F0-4F72EE89073B}.Release|Any CPU.ActiveCfg = Release|Any CPU
		{64CB17EE-49BF-44A6-98F0-4F72EE89073B}.Release|Any CPU.Build.0 = Release|Any CPU
		{64CB17EE-49BF-44A6-98F0-4F72EE89073B}.Release|x64.ActiveCfg = Release|Any CPU
		{64CB17EE-49BF-44A6-98F0-4F72EE89073B}.Release|x64.Build.0 = Release|Any CPU
		{CFA2AE87-7F8D-4CA6-BB72-B16380190DB7}.Debug|Any CPU.ActiveCfg = Debug|Any CPU
		{CFA2AE87-7F8D-4CA6-BB72-B16380190DB7}.Debug|Any CPU.Build.0 = Debug|Any CPU
		{CFA2AE87-7F8D-4CA6-BB72-B16380190DB7}.Debug|x64.ActiveCfg = Debug|Any CPU
		{CFA2AE87-7F8D-4CA6-BB72-B16380190DB7}.Debug|x64.Build.0 = Debug|Any CPU
		{CFA2AE87-7F8D-4CA6-BB72-B16380190DB7}.Release|Any CPU.ActiveCfg = Release|Any CPU
		{CFA2AE87-7F8D-4CA6-BB72-B16380190DB7}.Release|Any CPU.Build.0 = Release|Any CPU
		{CFA2AE87-7F8D-4CA6-BB72-B16380190DB7}.Release|x64.ActiveCfg = Release|Any CPU
		{CFA2AE87-7F8D-4CA6-BB72-B16380190DB7}.Release|x64.Build.0 = Release|Any CPU
		{B2D57490-58A9-4F73-A34E-B4076713F712}.Debug|Any CPU.ActiveCfg = Debug|Any CPU
		{B2D57490-58A9-4F73-A34E-B4076713F712}.Debug|Any CPU.Build.0 = Debug|Any CPU
		{B2D57490-58A9-4F73-A34E-B4076713F712}.Debug|x64.ActiveCfg = Debug|Any CPU
		{B2D57490-58A9-4F73-A34E-B4076713F712}.Debug|x64.Build.0 = Debug|Any CPU
		{B2D57490-58A9-4F73-A34E-B4076713F712}.Release|Any CPU.ActiveCfg = Release|Any CPU
		{B2D57490-58A9-4F73-A34E-B4076713F712}.Release|Any CPU.Build.0 = Release|Any CPU
		{B2D57490-58A9-4F73-A34E-B4076713F712}.Release|x64.ActiveCfg = Release|Any CPU
		{B2D57490-58A9-4F73-A34E-B4076713F712}.Release|x64.Build.0 = Release|Any CPU
		{57295D42-6C03-455B-8202-12AEAF233677}.Debug|Any CPU.ActiveCfg = Debug|Any CPU
		{57295D42-6C03-455B-8202-12AEAF233677}.Debug|Any CPU.Build.0 = Debug|Any CPU
		{57295D42-6C03-455B-8202-12AEAF233677}.Debug|x64.ActiveCfg = Debug|Any CPU
		{57295D42-6C03-455B-8202-12AEAF233677}.Debug|x64.Build.0 = Debug|Any CPU
		{57295D42-6C03-455B-8202-12AEAF233677}.Release|Any CPU.ActiveCfg = Release|Any CPU
		{57295D42-6C03-455B-8202-12AEAF233677}.Release|Any CPU.Build.0 = Release|Any CPU
		{57295D42-6C03-455B-8202-12AEAF233677}.Release|x64.ActiveCfg = Release|Any CPU
		{57295D42-6C03-455B-8202-12AEAF233677}.Release|x64.Build.0 = Release|Any CPU
		{E0C9AF4F-FC51-42E6-B7B9-1E173AC0589D}.Debug|Any CPU.ActiveCfg = Debug|Any CPU
		{E0C9AF4F-FC51-42E6-B7B9-1E173AC0589D}.Debug|Any CPU.Build.0 = Debug|Any CPU
		{E0C9AF4F-FC51-42E6-B7B9-1E173AC0589D}.Debug|x64.ActiveCfg = Debug|Any CPU
		{E0C9AF4F-FC51-42E6-B7B9-1E173AC0589D}.Debug|x64.Build.0 = Debug|Any CPU
		{E0C9AF4F-FC51-42E6-B7B9-1E173AC0589D}.Release|Any CPU.ActiveCfg = Release|Any CPU
		{E0C9AF4F-FC51-42E6-B7B9-1E173AC0589D}.Release|Any CPU.Build.0 = Release|Any CPU
		{E0C9AF4F-FC51-42E6-B7B9-1E173AC0589D}.Release|x64.ActiveCfg = Release|Any CPU
		{E0C9AF4F-FC51-42E6-B7B9-1E173AC0589D}.Release|x64.Build.0 = Release|Any CPU
		{CF95188D-0E98-44FA-BB40-D1EA083A09FB}.Debug|Any CPU.ActiveCfg = Debug|Any CPU
		{CF95188D-0E98-44FA-BB40-D1EA083A09FB}.Debug|Any CPU.Build.0 = Debug|Any CPU
		{CF95188D-0E98-44FA-BB40-D1EA083A09FB}.Debug|x64.ActiveCfg = Debug|Any CPU
		{CF95188D-0E98-44FA-BB40-D1EA083A09FB}.Debug|x64.Build.0 = Debug|Any CPU
		{CF95188D-0E98-44FA-BB40-D1EA083A09FB}.Release|Any CPU.ActiveCfg = Release|Any CPU
		{CF95188D-0E98-44FA-BB40-D1EA083A09FB}.Release|Any CPU.Build.0 = Release|Any CPU
		{CF95188D-0E98-44FA-BB40-D1EA083A09FB}.Release|x64.ActiveCfg = Release|Any CPU
		{CF95188D-0E98-44FA-BB40-D1EA083A09FB}.Release|x64.Build.0 = Release|Any CPU
		{DA6D2488-72D8-4D4F-8528-8CF91789E577}.Debug|Any CPU.ActiveCfg = Debug|Any CPU
		{DA6D2488-72D8-4D4F-8528-8CF91789E577}.Debug|Any CPU.Build.0 = Debug|Any CPU
		{DA6D2488-72D8-4D4F-8528-8CF91789E577}.Debug|x64.ActiveCfg = Debug|Any CPU
		{DA6D2488-72D8-4D4F-8528-8CF91789E577}.Debug|x64.Build.0 = Debug|Any CPU
		{DA6D2488-72D8-4D4F-8528-8CF91789E577}.Release|Any CPU.ActiveCfg = Release|Any CPU
		{DA6D2488-72D8-4D4F-8528-8CF91789E577}.Release|Any CPU.Build.0 = Release|Any CPU
		{DA6D2488-72D8-4D4F-8528-8CF91789E577}.Release|x64.ActiveCfg = Release|Any CPU
		{DA6D2488-72D8-4D4F-8528-8CF91789E577}.Release|x64.Build.0 = Release|Any CPU
		{98EDAD96-F400-4898-AA14-F63327D17F18}.Debug|Any CPU.ActiveCfg = Debug|Any CPU
		{98EDAD96-F400-4898-AA14-F63327D17F18}.Debug|Any CPU.Build.0 = Debug|Any CPU
		{98EDAD96-F400-4898-AA14-F63327D17F18}.Debug|x64.ActiveCfg = Debug|Any CPU
		{98EDAD96-F400-4898-AA14-F63327D17F18}.Debug|x64.Build.0 = Debug|Any CPU
		{98EDAD96-F400-4898-AA14-F63327D17F18}.Release|Any CPU.ActiveCfg = Release|Any CPU
		{98EDAD96-F400-4898-AA14-F63327D17F18}.Release|Any CPU.Build.0 = Release|Any CPU
		{98EDAD96-F400-4898-AA14-F63327D17F18}.Release|x64.ActiveCfg = Release|Any CPU
		{98EDAD96-F400-4898-AA14-F63327D17F18}.Release|x64.Build.0 = Release|Any CPU
		{5B22786A-92C7-4F00-B678-A0A9A5B6E554}.Debug|Any CPU.ActiveCfg = Debug|Any CPU
		{5B22786A-92C7-4F00-B678-A0A9A5B6E554}.Debug|Any CPU.Build.0 = Debug|Any CPU
		{5B22786A-92C7-4F00-B678-A0A9A5B6E554}.Debug|x64.ActiveCfg = Debug|Any CPU
		{5B22786A-92C7-4F00-B678-A0A9A5B6E554}.Debug|x64.Build.0 = Debug|Any CPU
		{5B22786A-92C7-4F00-B678-A0A9A5B6E554}.Release|Any CPU.ActiveCfg = Release|Any CPU
		{5B22786A-92C7-4F00-B678-A0A9A5B6E554}.Release|Any CPU.Build.0 = Release|Any CPU
		{5B22786A-92C7-4F00-B678-A0A9A5B6E554}.Release|x64.ActiveCfg = Release|Any CPU
		{5B22786A-92C7-4F00-B678-A0A9A5B6E554}.Release|x64.Build.0 = Release|Any CPU
		{75491645-7E1B-4E96-B31F-60FDE4DB1694}.Debug|Any CPU.ActiveCfg = Debug|Any CPU
		{75491645-7E1B-4E96-B31F-60FDE4DB1694}.Debug|Any CPU.Build.0 = Debug|Any CPU
		{75491645-7E1B-4E96-B31F-60FDE4DB1694}.Debug|x64.ActiveCfg = Debug|Any CPU
		{75491645-7E1B-4E96-B31F-60FDE4DB1694}.Debug|x64.Build.0 = Debug|Any CPU
		{75491645-7E1B-4E96-B31F-60FDE4DB1694}.Release|Any CPU.ActiveCfg = Release|Any CPU
		{75491645-7E1B-4E96-B31F-60FDE4DB1694}.Release|Any CPU.Build.0 = Release|Any CPU
		{75491645-7E1B-4E96-B31F-60FDE4DB1694}.Release|x64.ActiveCfg = Release|Any CPU
		{75491645-7E1B-4E96-B31F-60FDE4DB1694}.Release|x64.Build.0 = Release|Any CPU
		{029A386B-9895-4127-A6D3-416EED3D5B16}.Debug|Any CPU.ActiveCfg = Debug|Any CPU
		{029A386B-9895-4127-A6D3-416EED3D5B16}.Debug|Any CPU.Build.0 = Debug|Any CPU
		{029A386B-9895-4127-A6D3-416EED3D5B16}.Debug|x64.ActiveCfg = Debug|Any CPU
		{029A386B-9895-4127-A6D3-416EED3D5B16}.Debug|x64.Build.0 = Debug|Any CPU
		{029A386B-9895-4127-A6D3-416EED3D5B16}.Release|Any CPU.ActiveCfg = Release|Any CPU
		{029A386B-9895-4127-A6D3-416EED3D5B16}.Release|Any CPU.Build.0 = Release|Any CPU
		{029A386B-9895-4127-A6D3-416EED3D5B16}.Release|x64.ActiveCfg = Release|Any CPU
		{029A386B-9895-4127-A6D3-416EED3D5B16}.Release|x64.Build.0 = Release|Any CPU
		{5E3D01C4-286E-4AD0-96C3-74D0993F890F}.Debug|Any CPU.ActiveCfg = Debug|Any CPU
		{5E3D01C4-286E-4AD0-96C3-74D0993F890F}.Debug|Any CPU.Build.0 = Debug|Any CPU
		{5E3D01C4-286E-4AD0-96C3-74D0993F890F}.Debug|x64.ActiveCfg = Debug|Any CPU
		{5E3D01C4-286E-4AD0-96C3-74D0993F890F}.Debug|x64.Build.0 = Debug|Any CPU
		{5E3D01C4-286E-4AD0-96C3-74D0993F890F}.Release|Any CPU.ActiveCfg = Release|Any CPU
		{5E3D01C4-286E-4AD0-96C3-74D0993F890F}.Release|Any CPU.Build.0 = Release|Any CPU
		{5E3D01C4-286E-4AD0-96C3-74D0993F890F}.Release|x64.ActiveCfg = Release|Any CPU
		{5E3D01C4-286E-4AD0-96C3-74D0993F890F}.Release|x64.Build.0 = Release|Any CPU
		{48C6666C-8509-424A-A191-39855878E5C8}.Debug|Any CPU.ActiveCfg = Debug|Any CPU
		{48C6666C-8509-424A-A191-39855878E5C8}.Debug|Any CPU.Build.0 = Debug|Any CPU
		{48C6666C-8509-424A-A191-39855878E5C8}.Debug|x64.ActiveCfg = Debug|Any CPU
		{48C6666C-8509-424A-A191-39855878E5C8}.Debug|x64.Build.0 = Debug|Any CPU
		{48C6666C-8509-424A-A191-39855878E5C8}.Release|Any CPU.ActiveCfg = Release|Any CPU
		{48C6666C-8509-424A-A191-39855878E5C8}.Release|Any CPU.Build.0 = Release|Any CPU
		{48C6666C-8509-424A-A191-39855878E5C8}.Release|x64.ActiveCfg = Release|Any CPU
		{48C6666C-8509-424A-A191-39855878E5C8}.Release|x64.Build.0 = Release|Any CPU
		{7CC3D72B-4518-4B78-BE48-630A263C0F5B}.Debug|Any CPU.ActiveCfg = Debug|Any CPU
		{7CC3D72B-4518-4B78-BE48-630A263C0F5B}.Debug|Any CPU.Build.0 = Debug|Any CPU
		{7CC3D72B-4518-4B78-BE48-630A263C0F5B}.Debug|x64.ActiveCfg = Debug|Any CPU
		{7CC3D72B-4518-4B78-BE48-630A263C0F5B}.Debug|x64.Build.0 = Debug|Any CPU
		{7CC3D72B-4518-4B78-BE48-630A263C0F5B}.Release|Any CPU.ActiveCfg = Release|Any CPU
		{7CC3D72B-4518-4B78-BE48-630A263C0F5B}.Release|Any CPU.Build.0 = Release|Any CPU
		{7CC3D72B-4518-4B78-BE48-630A263C0F5B}.Release|x64.ActiveCfg = Release|Any CPU
		{7CC3D72B-4518-4B78-BE48-630A263C0F5B}.Release|x64.Build.0 = Release|Any CPU
		{47B8566D-0BA3-4427-81DB-38C7BBE38768}.Debug|Any CPU.ActiveCfg = Debug|Any CPU
		{47B8566D-0BA3-4427-81DB-38C7BBE38768}.Debug|Any CPU.Build.0 = Debug|Any CPU
		{47B8566D-0BA3-4427-81DB-38C7BBE38768}.Debug|x64.ActiveCfg = Debug|Any CPU
		{47B8566D-0BA3-4427-81DB-38C7BBE38768}.Debug|x64.Build.0 = Debug|Any CPU
		{47B8566D-0BA3-4427-81DB-38C7BBE38768}.Release|Any CPU.ActiveCfg = Release|Any CPU
		{47B8566D-0BA3-4427-81DB-38C7BBE38768}.Release|Any CPU.Build.0 = Release|Any CPU
		{47B8566D-0BA3-4427-81DB-38C7BBE38768}.Release|x64.ActiveCfg = Release|Any CPU
		{47B8566D-0BA3-4427-81DB-38C7BBE38768}.Release|x64.Build.0 = Release|Any CPU
	EndGlobalSection
	GlobalSection(SolutionProperties) = preSolution
		HideSolutionNode = FALSE
	EndGlobalSection
	GlobalSection(NestedProjects) = preSolution
		{B535703F-8D07-4F23-A533-2974BB4CC7B1} = {BE813EFD-133F-4BDE-AD25-A67D16A218CA}
		{7E46FF93-EE05-412C-AC47-2A59A13DA73C} = {4CEA4907-CB04-49A7-869D-FE39C479DF58}
		{1AAD6F22-9B6D-4688-8EA5-1AE7044031F7} = {049C2109-CF4F-4DD1-977D-92150C924E71}
		{2BBD157C-AD28-4055-A208-48A2DA93BD04} = {21824E62-1354-4760-A77F-08E55B9818A3}
		{16003E7F-0FAF-4DEE-B13D-DD327E965A98} = {B9938A83-271F-4269-871B-A6DA15E476BD}
		{B018C183-6976-4766-B2C0-0CBA4C064AED} = {F5F33FD2-3808-4C5C-9FAA-F1B07E339B66}
		{0D0B809C-03AB-4EE1-898F-CFE28CF5B245} = {6F4B31B8-5677-448B-8A72-957E8AA47F52}
		{55B9C026-E106-4185-8213-9CDD53B44E1B} = {51628B90-7E96-4FAA-9556-D719548BE84D}
		{ACA65632-EE93-422B-B25E-8E31969694F5} = {3BB5C2EE-694B-49F4-989F-8484FD0A3F75}
		{1417B162-F987-4CBD-8642-CA4C4119E705} = {836F4115-EB6C-468A-AE65-6F123B0376E8}
		{86CADB26-5817-46B6-88C7-76D5753722C3} = {E5ADCE9F-29A4-42D7-A316-2A1AD6E23E3E}
		{007CD5DC-0030-460D-91A3-3DDEA9AB472F} = {BF8EAE6B-0DFD-45EC-A419-1EC760FE9E49}
		{3F61C57D-50D9-4194-8196-EF5F7AA4CCE5} = {C7886F90-3A67-4889-8ACC-F07D42CFDBF0}
		{80213F24-577F-4F0B-A3B8-62485EA4D2F3} = {641F22ED-9C6A-4ADA-A9E7-7CA6A67E39B1}
		{64C1C1EF-71CB-47BD-92F9-4E50CE35BD9F} = {8AE5D37C-D340-4D66-8BAE-48A7ED60BCE8}
		{DA079E95-DB53-4A66-AB35-2DAB71D19276} = {1EAC8CAC-9109-4A7A-9895-00248779A5D3}
		{C7886F90-3A67-4889-8ACC-F07D42CFDBF0} = {755F9E42-1707-4E1A-AE6D-3FD8A25118C0}
		{0049EB56-74D3-4F39-B0CE-2295E0747F09} = {C7886F90-3A67-4889-8ACC-F07D42CFDBF0}
		{6F4B31B8-5677-448B-8A72-957E8AA47F52} = {755F9E42-1707-4E1A-AE6D-3FD8A25118C0}
		{3BB5C2EE-694B-49F4-989F-8484FD0A3F75} = {755F9E42-1707-4E1A-AE6D-3FD8A25118C0}
		{836F4115-EB6C-468A-AE65-6F123B0376E8} = {755F9E42-1707-4E1A-AE6D-3FD8A25118C0}
		{21824E62-1354-4760-A77F-08E55B9818A3} = {755F9E42-1707-4E1A-AE6D-3FD8A25118C0}
		{B9938A83-271F-4269-871B-A6DA15E476BD} = {755F9E42-1707-4E1A-AE6D-3FD8A25118C0}
		{049C2109-CF4F-4DD1-977D-92150C924E71} = {755F9E42-1707-4E1A-AE6D-3FD8A25118C0}
		{1EAC8CAC-9109-4A7A-9895-00248779A5D3} = {755F9E42-1707-4E1A-AE6D-3FD8A25118C0}
		{51628B90-7E96-4FAA-9556-D719548BE84D} = {755F9E42-1707-4E1A-AE6D-3FD8A25118C0}
		{F5F33FD2-3808-4C5C-9FAA-F1B07E339B66} = {755F9E42-1707-4E1A-AE6D-3FD8A25118C0}
		{8AE5D37C-D340-4D66-8BAE-48A7ED60BCE8} = {755F9E42-1707-4E1A-AE6D-3FD8A25118C0}
		{ADF3A6FF-9E94-400D-8A03-DE9C3A778186} = {049C2109-CF4F-4DD1-977D-92150C924E71}
		{DD250492-DDBC-4236-B57B-42D673935F69} = {51628B90-7E96-4FAA-9556-D719548BE84D}
		{4CEA4907-CB04-49A7-869D-FE39C479DF58} = {D2CBE02E-6AA7-4343-9A01-891F971A17F5}
		{641F22ED-9C6A-4ADA-A9E7-7CA6A67E39B1} = {D2CBE02E-6AA7-4343-9A01-891F971A17F5}
		{BF8EAE6B-0DFD-45EC-A419-1EC760FE9E49} = {D2CBE02E-6AA7-4343-9A01-891F971A17F5}
		{BE813EFD-133F-4BDE-AD25-A67D16A218CA} = {D2CBE02E-6AA7-4343-9A01-891F971A17F5}
		{3ECFDA25-B8AE-43F5-9CA9-4AFDF1F96901} = {641F22ED-9C6A-4ADA-A9E7-7CA6A67E39B1}
		{85F735B7-9BEE-43C3-94DF-539CE267F0B9} = {BE813EFD-133F-4BDE-AD25-A67D16A218CA}
		{4DD516F2-D9E5-4775-B840-E00A71DD7E87} = {CA21CE04-607F-4AF6-8A70-3F1E82C42B11}
		{CA21CE04-607F-4AF6-8A70-3F1E82C42B11} = {755F9E42-1707-4E1A-AE6D-3FD8A25118C0}
		{E5ADCE9F-29A4-42D7-A316-2A1AD6E23E3E} = {9A8FD752-FF60-4789-8251-E1D8FF290F3F}
		{18A4B060-7586-4321-806B-0325FAA01373} = {755F9E42-1707-4E1A-AE6D-3FD8A25118C0}
		{F82B7F7C-BDA9-4204-97E1-456E406A251A} = {D2CBE02E-6AA7-4343-9A01-891F971A17F5}
		{622EBD86-43A5-4857-965C-1724F714012A} = {F82B7F7C-BDA9-4204-97E1-456E406A251A}
		{EDD5B894-28C3-4FB5-8A85-AFD9C2FD823D} = {F82B7F7C-BDA9-4204-97E1-456E406A251A}
		{452C63B5-6019-4EC2-9A9B-9B5DD3241485} = {18A4B060-7586-4321-806B-0325FAA01373}
		{931B6ABB-1791-44F8-9727-4110FB59C961} = {18A4B060-7586-4321-806B-0325FAA01373}
		{F7F6C8C8-67C9-40D9-946F-62630C39102A} = {D2CBE02E-6AA7-4343-9A01-891F971A17F5}
		{98DE0D1D-26F1-4CCA-847C-4E0FC2DBA5FC} = {F7F6C8C8-67C9-40D9-946F-62630C39102A}
		{5ABB37C0-E86D-4585-81D2-50A0E41ED859} = {9A8FD752-FF60-4789-8251-E1D8FF290F3F}
		{C98EAD78-4D83-4789-A621-6011C3D7314D} = {5ABB37C0-E86D-4585-81D2-50A0E41ED859}
		{D584C2DC-7F5F-447A-831C-8C5A75277FAF} = {BC277CB0-BAA3-4C15-973F-3F9C10B77278}
		{BC277CB0-BAA3-4C15-973F-3F9C10B77278} = {9A8FD752-FF60-4789-8251-E1D8FF290F3F}
		{AC21E230-C263-4FE0-8614-D6783D1FFC86} = {755F9E42-1707-4E1A-AE6D-3FD8A25118C0}
		{64CB17EE-49BF-44A6-98F0-4F72EE89073B} = {AC21E230-C263-4FE0-8614-D6783D1FFC86}
		{FE63FBCC-D03E-4439-A428-028A6FF8B15A} = {D2CBE02E-6AA7-4343-9A01-891F971A17F5}
		{CFA2AE87-7F8D-4CA6-BB72-B16380190DB7} = {FE63FBCC-D03E-4439-A428-028A6FF8B15A}
		{B2D57490-58A9-4F73-A34E-B4076713F712} = {AC21E230-C263-4FE0-8614-D6783D1FFC86}
		{57295D42-6C03-455B-8202-12AEAF233677} = {FE63FBCC-D03E-4439-A428-028A6FF8B15A}
		{AE1154F1-2C89-4AEC-B7B3-1902D73F037C} = {E5ADCE9F-29A4-42D7-A316-2A1AD6E23E3E}
		{E0C9AF4F-FC51-42E6-B7B9-1E173AC0589D} = {AE1154F1-2C89-4AEC-B7B3-1902D73F037C}
		{CF95188D-0E98-44FA-BB40-D1EA083A09FB} = {AE1154F1-2C89-4AEC-B7B3-1902D73F037C}
		{DA6D2488-72D8-4D4F-8528-8CF91789E577} = {AE1154F1-2C89-4AEC-B7B3-1902D73F037C}
		{98EDAD96-F400-4898-AA14-F63327D17F18} = {AE1154F1-2C89-4AEC-B7B3-1902D73F037C}
		{5B22786A-92C7-4F00-B678-A0A9A5B6E554} = {AE1154F1-2C89-4AEC-B7B3-1902D73F037C}
		{75491645-7E1B-4E96-B31F-60FDE4DB1694} = {AE1154F1-2C89-4AEC-B7B3-1902D73F037C}
		{029A386B-9895-4127-A6D3-416EED3D5B16} = {AE1154F1-2C89-4AEC-B7B3-1902D73F037C}
		{5E3D01C4-286E-4AD0-96C3-74D0993F890F} = {AE1154F1-2C89-4AEC-B7B3-1902D73F037C}
		{48C6666C-8509-424A-A191-39855878E5C8} = {AE1154F1-2C89-4AEC-B7B3-1902D73F037C}
		{47B8566D-0BA3-4427-81DB-38C7BBE38768} = {AE1154F1-2C89-4AEC-B7B3-1902D73F037C}
	EndGlobalSection
EndGlobal
